// !$*UTF8*$!
{
	archiveVersion = 1;
	classes = {
	};
	objectVersion = 46;
	objects = {

/* Begin PBXBuildFile section */
		8805263B1CF2F94C005EC256 /* PKShortVideoProgressBar.m in Sources */ = {isa = PBXBuildFile; fileRef = 880526241CF2F94C005EC256 /* PKShortVideoProgressBar.m */; };
		8805263C1CF2F94C005EC256 /* PKShortVideoRecorder.m in Sources */ = {isa = PBXBuildFile; fileRef = 880526261CF2F94C005EC256 /* PKShortVideoRecorder.m */; };
		8805263D1CF2F94C005EC256 /* PKShortVideoSession.m in Sources */ = {isa = PBXBuildFile; fileRef = 880526281CF2F94C005EC256 /* PKShortVideoSession.m */; };
		8805263E1CF2F94C005EC256 /* PKRecordShortVideoViewController.m in Sources */ = {isa = PBXBuildFile; fileRef = 8805262A1CF2F94C005EC256 /* PKRecordShortVideoViewController.m */; };
		880526481CF2FC99005EC256 /* UIImage+PKShortVideoPlayer.m in Sources */ = {isa = PBXBuildFile; fileRef = 880526471CF2FC99005EC256 /* UIImage+PKShortVideoPlayer.m */; };
		88BFB0821D02E00200F223F3 /* PKDemoModelData.m in Sources */ = {isa = PBXBuildFile; fileRef = 88BFB0811D02E00200F223F3 /* PKDemoModelData.m */; };
		88BFB0841D103D5100F223F3 /* jsq_messages_sample.m4a in Resources */ = {isa = PBXBuildFile; fileRef = 88BFB0831D103CC400F223F3 /* jsq_messages_sample.m4a */; };
		88BFB08F1D1C5A3700F223F3 /* PK_Delete@2x.png in Resources */ = {isa = PBXBuildFile; fileRef = 88BFB08D1D1C5A3700F223F3 /* PK_Delete@2x.png */; };
		88BFB0901D1C5A3700F223F3 /* PK_Play@2x.png in Resources */ = {isa = PBXBuildFile; fileRef = 88BFB08E1D1C5A3700F223F3 /* PK_Play@2x.png */; };
		88C4D15B1D73CC8A00796D25 /* JSQMessagesAssets.bundle in Resources */ = {isa = PBXBuildFile; fileRef = 88C4D0F11D73CC8A00796D25 /* JSQMessagesAssets.bundle */; };
		88C4D15C1D73CC8A00796D25 /* JSQSystemSoundPlayer+JSQMessages.m in Sources */ = {isa = PBXBuildFile; fileRef = 88C4D0F41D73CC8A00796D25 /* JSQSystemSoundPlayer+JSQMessages.m */; };
		88C4D15D1D73CC8A00796D25 /* NSBundle+JSQMessages.m in Sources */ = {isa = PBXBuildFile; fileRef = 88C4D0F61D73CC8A00796D25 /* NSBundle+JSQMessages.m */; };
		88C4D15E1D73CC8A00796D25 /* NSString+JSQMessages.m in Sources */ = {isa = PBXBuildFile; fileRef = 88C4D0F81D73CC8A00796D25 /* NSString+JSQMessages.m */; };
		88C4D15F1D73CC8A00796D25 /* UIColor+JSQMessages.m in Sources */ = {isa = PBXBuildFile; fileRef = 88C4D0FA1D73CC8A00796D25 /* UIColor+JSQMessages.m */; };
		88C4D1601D73CC8A00796D25 /* UIDevice+JSQMessages.m in Sources */ = {isa = PBXBuildFile; fileRef = 88C4D0FC1D73CC8A00796D25 /* UIDevice+JSQMessages.m */; };
		88C4D1611D73CC8A00796D25 /* UIImage+JSQMessages.m in Sources */ = {isa = PBXBuildFile; fileRef = 88C4D0FE1D73CC8A00796D25 /* UIImage+JSQMessages.m */; };
		88C4D1621D73CC8A00796D25 /* UIView+JSQMessages.m in Sources */ = {isa = PBXBuildFile; fileRef = 88C4D1001D73CC8A00796D25 /* UIView+JSQMessages.m */; };
		88C4D1631D73CC8A00796D25 /* JSQMessagesKeyboardController.m in Sources */ = {isa = PBXBuildFile; fileRef = 88C4D1031D73CC8A00796D25 /* JSQMessagesKeyboardController.m */; };
		88C4D1641D73CC8A00796D25 /* JSQMessagesViewController.m in Sources */ = {isa = PBXBuildFile; fileRef = 88C4D1051D73CC8A00796D25 /* JSQMessagesViewController.m */; };
		88C4D1651D73CC8A00796D25 /* JSQMessagesViewController.xib in Resources */ = {isa = PBXBuildFile; fileRef = 88C4D1061D73CC8A00796D25 /* JSQMessagesViewController.xib */; };
		88C4D1661D73CC8A00796D25 /* JSQMessagesAvatarImageFactory.m in Sources */ = {isa = PBXBuildFile; fileRef = 88C4D1091D73CC8A00796D25 /* JSQMessagesAvatarImageFactory.m */; };
		88C4D1671D73CC8A00796D25 /* JSQMessagesBubbleImageFactory.m in Sources */ = {isa = PBXBuildFile; fileRef = 88C4D10B1D73CC8A00796D25 /* JSQMessagesBubbleImageFactory.m */; };
		88C4D1681D73CC8A00796D25 /* JSQMessagesMediaViewBubbleImageMasker.m in Sources */ = {isa = PBXBuildFile; fileRef = 88C4D10D1D73CC8A00796D25 /* JSQMessagesMediaViewBubbleImageMasker.m */; };
		88C4D1691D73CC8A00796D25 /* JSQMessagesTimestampFormatter.m in Sources */ = {isa = PBXBuildFile; fileRef = 88C4D10F1D73CC8A00796D25 /* JSQMessagesTimestampFormatter.m */; };
		88C4D16A1D73CC8A00796D25 /* JSQMessagesToolbarButtonFactory.m in Sources */ = {isa = PBXBuildFile; fileRef = 88C4D1111D73CC8A00796D25 /* JSQMessagesToolbarButtonFactory.m */; };
		88C4D16B1D73CC8A00796D25 /* JSQAudioMediaViewAttributes.m in Sources */ = {isa = PBXBuildFile; fileRef = 88C4D1151D73CC8A00796D25 /* JSQAudioMediaViewAttributes.m */; };
		88C4D16C1D73CC8A00796D25 /* JSQMessagesBubblesSizeCalculator.m in Sources */ = {isa = PBXBuildFile; fileRef = 88C4D1181D73CC8A00796D25 /* JSQMessagesBubblesSizeCalculator.m */; };
		88C4D16D1D73CC8A00796D25 /* JSQMessagesCollectionViewFlowLayout.m in Sources */ = {isa = PBXBuildFile; fileRef = 88C4D11A1D73CC8A00796D25 /* JSQMessagesCollectionViewFlowLayout.m */; };
		88C4D16E1D73CC8A00796D25 /* JSQMessagesCollectionViewFlowLayoutInvalidationContext.m in Sources */ = {isa = PBXBuildFile; fileRef = 88C4D11C1D73CC8A00796D25 /* JSQMessagesCollectionViewFlowLayoutInvalidationContext.m */; };
		88C4D16F1D73CC8A00796D25 /* JSQMessagesCollectionViewLayoutAttributes.m in Sources */ = {isa = PBXBuildFile; fileRef = 88C4D11E1D73CC8A00796D25 /* JSQMessagesCollectionViewLayoutAttributes.m */; };
		88C4D1701D73CC8A00796D25 /* JSQAudioMediaItem.m in Sources */ = {isa = PBXBuildFile; fileRef = 88C4D1211D73CC8A00796D25 /* JSQAudioMediaItem.m */; };
		88C4D1711D73CC8A00796D25 /* JSQLocationMediaItem.m in Sources */ = {isa = PBXBuildFile; fileRef = 88C4D1231D73CC8A00796D25 /* JSQLocationMediaItem.m */; };
		88C4D1721D73CC8A00796D25 /* JSQMediaItem.m in Sources */ = {isa = PBXBuildFile; fileRef = 88C4D1251D73CC8A00796D25 /* JSQMediaItem.m */; };
		88C4D1731D73CC8A00796D25 /* JSQMessage.m in Sources */ = {isa = PBXBuildFile; fileRef = 88C4D1271D73CC8A00796D25 /* JSQMessage.m */; };
		88C4D1741D73CC8A00796D25 /* JSQMessagesAvatarImage.m in Sources */ = {isa = PBXBuildFile; fileRef = 88C4D12D1D73CC8A00796D25 /* JSQMessagesAvatarImage.m */; };
		88C4D1751D73CC8A00796D25 /* JSQMessagesBubbleImage.m in Sources */ = {isa = PBXBuildFile; fileRef = 88C4D12F1D73CC8A00796D25 /* JSQMessagesBubbleImage.m */; };
		88C4D1761D73CC8A00796D25 /* JSQPhotoMediaItem.m in Sources */ = {isa = PBXBuildFile; fileRef = 88C4D1331D73CC8A00796D25 /* JSQPhotoMediaItem.m */; };
		88C4D1771D73CC8A00796D25 /* JSQVideoMediaItem.m in Sources */ = {isa = PBXBuildFile; fileRef = 88C4D1351D73CC8A00796D25 /* JSQVideoMediaItem.m */; };
		88C4D1781D73CC8A00796D25 /* JSQMessagesCellTextView.m in Sources */ = {isa = PBXBuildFile; fileRef = 88C4D1381D73CC8A00796D25 /* JSQMessagesCellTextView.m */; };
		88C4D1791D73CC8A00796D25 /* JSQMessagesCollectionView.m in Sources */ = {isa = PBXBuildFile; fileRef = 88C4D13A1D73CC8A00796D25 /* JSQMessagesCollectionView.m */; };
		88C4D17A1D73CC8A00796D25 /* JSQMessagesCollectionViewCell.m in Sources */ = {isa = PBXBuildFile; fileRef = 88C4D13C1D73CC8A00796D25 /* JSQMessagesCollectionViewCell.m */; };
		88C4D17B1D73CC8A00796D25 /* JSQMessagesCollectionViewCellIncoming.m in Sources */ = {isa = PBXBuildFile; fileRef = 88C4D13E1D73CC8A00796D25 /* JSQMessagesCollectionViewCellIncoming.m */; };
		88C4D17C1D73CC8A00796D25 /* JSQMessagesCollectionViewCellIncoming.xib in Resources */ = {isa = PBXBuildFile; fileRef = 88C4D13F1D73CC8A00796D25 /* JSQMessagesCollectionViewCellIncoming.xib */; };
		88C4D17D1D73CC8A00796D25 /* JSQMessagesCollectionViewCellOutgoing.m in Sources */ = {isa = PBXBuildFile; fileRef = 88C4D1411D73CC8A00796D25 /* JSQMessagesCollectionViewCellOutgoing.m */; };
		88C4D17E1D73CC8A00796D25 /* JSQMessagesCollectionViewCellOutgoing.xib in Resources */ = {isa = PBXBuildFile; fileRef = 88C4D1421D73CC8A00796D25 /* JSQMessagesCollectionViewCellOutgoing.xib */; };
		88C4D17F1D73CC8A00796D25 /* JSQMessagesComposerTextView.m in Sources */ = {isa = PBXBuildFile; fileRef = 88C4D1441D73CC8A00796D25 /* JSQMessagesComposerTextView.m */; };
		88C4D1801D73CC8A00796D25 /* JSQMessagesInputToolbar.m in Sources */ = {isa = PBXBuildFile; fileRef = 88C4D1461D73CC8A00796D25 /* JSQMessagesInputToolbar.m */; };
		88C4D1811D73CC8A00796D25 /* JSQMessagesLabel.m in Sources */ = {isa = PBXBuildFile; fileRef = 88C4D1481D73CC8A00796D25 /* JSQMessagesLabel.m */; };
		88C4D1821D73CC8A00796D25 /* JSQMessagesLoadEarlierHeaderView.m in Sources */ = {isa = PBXBuildFile; fileRef = 88C4D14A1D73CC8A00796D25 /* JSQMessagesLoadEarlierHeaderView.m */; };
		88C4D1831D73CC8A00796D25 /* JSQMessagesLoadEarlierHeaderView.xib in Resources */ = {isa = PBXBuildFile; fileRef = 88C4D14B1D73CC8A00796D25 /* JSQMessagesLoadEarlierHeaderView.xib */; };
		88C4D1841D73CC8A00796D25 /* JSQMessagesMediaPlaceholderView.m in Sources */ = {isa = PBXBuildFile; fileRef = 88C4D14D1D73CC8A00796D25 /* JSQMessagesMediaPlaceholderView.m */; };
		88C4D1851D73CC8A00796D25 /* JSQMessagesToolbarContentView.m in Sources */ = {isa = PBXBuildFile; fileRef = 88C4D14F1D73CC8A00796D25 /* JSQMessagesToolbarContentView.m */; };
		88C4D1861D73CC8A00796D25 /* JSQMessagesToolbarContentView.xib in Resources */ = {isa = PBXBuildFile; fileRef = 88C4D1501D73CC8A00796D25 /* JSQMessagesToolbarContentView.xib */; };
		88C4D1871D73CC8A00796D25 /* JSQMessagesTypingIndicatorFooterView.m in Sources */ = {isa = PBXBuildFile; fileRef = 88C4D1521D73CC8A00796D25 /* JSQMessagesTypingIndicatorFooterView.m */; };
		88C4D1881D73CC8A00796D25 /* JSQMessagesTypingIndicatorFooterView.xib in Resources */ = {isa = PBXBuildFile; fileRef = 88C4D1531D73CC8A00796D25 /* JSQMessagesTypingIndicatorFooterView.xib */; };
		88C4D1891D73CC8A00796D25 /* JSQSystemSoundPlayer.m in Sources */ = {isa = PBXBuildFile; fileRef = 88C4D1581D73CC8A00796D25 /* JSQSystemSoundPlayer.m */; };
		88FBE7921D2A668000556F43 /* AppDelegate.m in Sources */ = {isa = PBXBuildFile; fileRef = 88FBE7201D2A668000556F43 /* AppDelegate.m */; };
		88FBE7931D2A668000556F43 /* Assets.xcassets in Resources */ = {isa = PBXBuildFile; fileRef = 88FBE7211D2A668000556F43 /* Assets.xcassets */; };
		88FBE7941D2A668000556F43 /* LaunchScreen.storyboard in Resources */ = {isa = PBXBuildFile; fileRef = 88FBE7221D2A668000556F43 /* LaunchScreen.storyboard */; };
		88FBE7961D2A668000556F43 /* main.m in Sources */ = {isa = PBXBuildFile; fileRef = 88FBE7251D2A668000556F43 /* main.m */; };
		88FBE7971D2A668000556F43 /* Main.storyboard in Resources */ = {isa = PBXBuildFile; fileRef = 88FBE7261D2A668000556F43 /* Main.storyboard */; };
		88FBE7981D2A668000556F43 /* PKMessageViewController.m in Sources */ = {isa = PBXBuildFile; fileRef = 88FBE7281D2A668000556F43 /* PKMessageViewController.m */; };
		88FBE7991D2A668000556F43 /* PKRootViewController.m in Sources */ = {isa = PBXBuildFile; fileRef = 88FBE72A1D2A668000556F43 /* PKRootViewController.m */; };
		88FBE79A1D2A668000556F43 /* PKShortVideoItem.m in Sources */ = {isa = PBXBuildFile; fileRef = 88FBE72C1D2A668000556F43 /* PKShortVideoItem.m */; };
		9C6454451D98F43C0021FADE /* PKPlayerView.m in Sources */ = {isa = PBXBuildFile; fileRef = 9C6454441D98F43C0021FADE /* PKPlayerView.m */; };
		9C6454481D98F49D0021FADE /* PKPlayerManager.m in Sources */ = {isa = PBXBuildFile; fileRef = 9C6454471D98F49D0021FADE /* PKPlayerManager.m */; };
		9C7785C61DC740B400AE912E /* Info.plist in Resources */ = {isa = PBXBuildFile; fileRef = 9C7785C51DC740B400AE912E /* Info.plist */; };
		9CCBDCC01D98D2AB00BA9C4A /* PKMessageViewController2.m in Sources */ = {isa = PBXBuildFile; fileRef = 9CCBDCBF1D98D2AB00BA9C4A /* PKMessageViewController2.m */; };
		9CCBDCC31D98D37800BA9C4A /* PKShortVideoItem2.m in Sources */ = {isa = PBXBuildFile; fileRef = 9CCBDCC21D98D37800BA9C4A /* PKShortVideoItem2.m */; };
		AE4066D91D30E046002273A8 /* PKFullScreenPlayerView.m in Sources */ = {isa = PBXBuildFile; fileRef = AE4066D61D30E046002273A8 /* PKFullScreenPlayerView.m */; };
		AE4066DA1D30E046002273A8 /* PKFullScreenPlayerViewController.m in Sources */ = {isa = PBXBuildFile; fileRef = AE4066D81D30E046002273A8 /* PKFullScreenPlayerViewController.m */; };
		AE4066DC1D30E0C4002273A8 /* PK_Camera_Turn@2x.png in Resources */ = {isa = PBXBuildFile; fileRef = AE4066DB1D30E0C4002273A8 /* PK_Camera_Turn@2x.png */; };
		AE52D25F1D856F1300D9B86B /* PKChatMessagePlayerView.m in Sources */ = {isa = PBXBuildFile; fileRef = AE52D25A1D856F1300D9B86B /* PKChatMessagePlayerView.m */; };
		AE52D2601D856F1300D9B86B /* PKColorConversion.m in Sources */ = {isa = PBXBuildFile; fileRef = AE52D25C1D856F1300D9B86B /* PKColorConversion.m */; };
		AE52D2611D856F1300D9B86B /* PKVideoDecoder.m in Sources */ = {isa = PBXBuildFile; fileRef = AE52D25E1D856F1300D9B86B /* PKVideoDecoder.m */; };
		AEDD7D611C34329100977BD0 /* PKShortVideoTests.m in Sources */ = {isa = PBXBuildFile; fileRef = AEDD7D601C34329100977BD0 /* PKShortVideoTests.m */; };
		AEDD7D6C1C34329100977BD0 /* PKShortVideoUITests.m in Sources */ = {isa = PBXBuildFile; fileRef = AEDD7D6B1C34329100977BD0 /* PKShortVideoUITests.m */; };
		AEED9EFF1D8545FC005CF78C /* GLProgram.m in Sources */ = {isa = PBXBuildFile; fileRef = AEED9EF81D8545FC005CF78C /* GLProgram.m */; };
		AEED9F001D8545FC005CF78C /* GPUImageContext.m in Sources */ = {isa = PBXBuildFile; fileRef = AEED9EFA1D8545FC005CF78C /* GPUImageContext.m */; };
		AEED9F011D8545FC005CF78C /* GPUImageFramebuffer.m in Sources */ = {isa = PBXBuildFile; fileRef = AEED9EFC1D8545FC005CF78C /* GPUImageFramebuffer.m */; };
		AEED9F021D8545FC005CF78C /* GPUImageFramebufferCache.m in Sources */ = {isa = PBXBuildFile; fileRef = AEED9EFE1D8545FC005CF78C /* GPUImageFramebufferCache.m */; };
/* End PBXBuildFile section */

/* Begin PBXContainerItemProxy section */
		AEDD7D5D1C34329100977BD0 /* PBXContainerItemProxy */ = {
			isa = PBXContainerItemProxy;
			containerPortal = AEDD7D3B1C34329100977BD0 /* Project object */;
			proxyType = 1;
			remoteGlobalIDString = AEDD7D421C34329100977BD0;
			remoteInfo = PKShortVideoPlayer;
		};
		AEDD7D681C34329100977BD0 /* PBXContainerItemProxy */ = {
			isa = PBXContainerItemProxy;
			containerPortal = AEDD7D3B1C34329100977BD0 /* Project object */;
			proxyType = 1;
			remoteGlobalIDString = AEDD7D421C34329100977BD0;
			remoteInfo = PKShortVideoPlayer;
		};
/* End PBXContainerItemProxy section */

/* Begin PBXFileReference section */
		880526231CF2F94C005EC256 /* PKShortVideoProgressBar.h */ = {isa = PBXFileReference; fileEncoding = 4; lastKnownFileType = sourcecode.c.h; path = PKShortVideoProgressBar.h; sourceTree = "<group>"; };
		880526241CF2F94C005EC256 /* PKShortVideoProgressBar.m */ = {isa = PBXFileReference; fileEncoding = 4; lastKnownFileType = sourcecode.c.objc; path = PKShortVideoProgressBar.m; sourceTree = "<group>"; };
		880526251CF2F94C005EC256 /* PKShortVideoRecorder.h */ = {isa = PBXFileReference; fileEncoding = 4; lastKnownFileType = sourcecode.c.h; path = PKShortVideoRecorder.h; sourceTree = "<group>"; };
		880526261CF2F94C005EC256 /* PKShortVideoRecorder.m */ = {isa = PBXFileReference; fileEncoding = 4; lastKnownFileType = sourcecode.c.objc; path = PKShortVideoRecorder.m; sourceTree = "<group>"; };
		880526271CF2F94C005EC256 /* PKShortVideoSession.h */ = {isa = PBXFileReference; fileEncoding = 4; lastKnownFileType = sourcecode.c.h; path = PKShortVideoSession.h; sourceTree = "<group>"; };
		880526281CF2F94C005EC256 /* PKShortVideoSession.m */ = {isa = PBXFileReference; fileEncoding = 4; lastKnownFileType = sourcecode.c.objc; path = PKShortVideoSession.m; sourceTree = "<group>"; };
		880526291CF2F94C005EC256 /* PKRecordShortVideoViewController.h */ = {isa = PBXFileReference; fileEncoding = 4; lastKnownFileType = sourcecode.c.h; path = PKRecordShortVideoViewController.h; sourceTree = "<group>"; };
		8805262A1CF2F94C005EC256 /* PKRecordShortVideoViewController.m */ = {isa = PBXFileReference; fileEncoding = 4; lastKnownFileType = sourcecode.c.objc; path = PKRecordShortVideoViewController.m; sourceTree = "<group>"; };
		880526461CF2FC99005EC256 /* UIImage+PKShortVideoPlayer.h */ = {isa = PBXFileReference; fileEncoding = 4; lastKnownFileType = sourcecode.c.h; name = "UIImage+PKShortVideoPlayer.h"; path = "Category/UIImage+PKShortVideoPlayer.h"; sourceTree = "<group>"; };
		880526471CF2FC99005EC256 /* UIImage+PKShortVideoPlayer.m */ = {isa = PBXFileReference; fileEncoding = 4; lastKnownFileType = sourcecode.c.objc; name = "UIImage+PKShortVideoPlayer.m"; path = "Category/UIImage+PKShortVideoPlayer.m"; sourceTree = "<group>"; };
		88BFB0801D02E00200F223F3 /* PKDemoModelData.h */ = {isa = PBXFileReference; fileEncoding = 4; lastKnownFileType = sourcecode.c.h; path = PKDemoModelData.h; sourceTree = "<group>"; };
		88BFB0811D02E00200F223F3 /* PKDemoModelData.m */ = {isa = PBXFileReference; fileEncoding = 4; lastKnownFileType = sourcecode.c.objc; path = PKDemoModelData.m; sourceTree = "<group>"; };
		88BFB0831D103CC400F223F3 /* jsq_messages_sample.m4a */ = {isa = PBXFileReference; lastKnownFileType = file; path = jsq_messages_sample.m4a; sourceTree = "<group>"; };
		88BFB08D1D1C5A3700F223F3 /* PK_Delete@2x.png */ = {isa = PBXFileReference; lastKnownFileType = image.png; path = "PK_Delete@2x.png"; sourceTree = "<group>"; };
		88BFB08E1D1C5A3700F223F3 /* PK_Play@2x.png */ = {isa = PBXFileReference; lastKnownFileType = image.png; path = "PK_Play@2x.png"; sourceTree = "<group>"; };
		88C4D0F11D73CC8A00796D25 /* JSQMessagesAssets.bundle */ = {isa = PBXFileReference; lastKnownFileType = "wrapper.plug-in"; path = JSQMessagesAssets.bundle; sourceTree = "<group>"; };
		88C4D0F31D73CC8A00796D25 /* JSQSystemSoundPlayer+JSQMessages.h */ = {isa = PBXFileReference; fileEncoding = 4; lastKnownFileType = sourcecode.c.h; path = "JSQSystemSoundPlayer+JSQMessages.h"; sourceTree = "<group>"; };
		88C4D0F41D73CC8A00796D25 /* JSQSystemSoundPlayer+JSQMessages.m */ = {isa = PBXFileReference; fileEncoding = 4; lastKnownFileType = sourcecode.c.objc; path = "JSQSystemSoundPlayer+JSQMessages.m"; sourceTree = "<group>"; };
		88C4D0F51D73CC8A00796D25 /* NSBundle+JSQMessages.h */ = {isa = PBXFileReference; fileEncoding = 4; lastKnownFileType = sourcecode.c.h; path = "NSBundle+JSQMessages.h"; sourceTree = "<group>"; };
		88C4D0F61D73CC8A00796D25 /* NSBundle+JSQMessages.m */ = {isa = PBXFileReference; fileEncoding = 4; lastKnownFileType = sourcecode.c.objc; path = "NSBundle+JSQMessages.m"; sourceTree = "<group>"; };
		88C4D0F71D73CC8A00796D25 /* NSString+JSQMessages.h */ = {isa = PBXFileReference; fileEncoding = 4; lastKnownFileType = sourcecode.c.h; path = "NSString+JSQMessages.h"; sourceTree = "<group>"; };
		88C4D0F81D73CC8A00796D25 /* NSString+JSQMessages.m */ = {isa = PBXFileReference; fileEncoding = 4; lastKnownFileType = sourcecode.c.objc; path = "NSString+JSQMessages.m"; sourceTree = "<group>"; };
		88C4D0F91D73CC8A00796D25 /* UIColor+JSQMessages.h */ = {isa = PBXFileReference; fileEncoding = 4; lastKnownFileType = sourcecode.c.h; path = "UIColor+JSQMessages.h"; sourceTree = "<group>"; };
		88C4D0FA1D73CC8A00796D25 /* UIColor+JSQMessages.m */ = {isa = PBXFileReference; fileEncoding = 4; lastKnownFileType = sourcecode.c.objc; path = "UIColor+JSQMessages.m"; sourceTree = "<group>"; };
		88C4D0FB1D73CC8A00796D25 /* UIDevice+JSQMessages.h */ = {isa = PBXFileReference; fileEncoding = 4; lastKnownFileType = sourcecode.c.h; path = "UIDevice+JSQMessages.h"; sourceTree = "<group>"; };
		88C4D0FC1D73CC8A00796D25 /* UIDevice+JSQMessages.m */ = {isa = PBXFileReference; fileEncoding = 4; lastKnownFileType = sourcecode.c.objc; path = "UIDevice+JSQMessages.m"; sourceTree = "<group>"; };
		88C4D0FD1D73CC8A00796D25 /* UIImage+JSQMessages.h */ = {isa = PBXFileReference; fileEncoding = 4; lastKnownFileType = sourcecode.c.h; path = "UIImage+JSQMessages.h"; sourceTree = "<group>"; };
		88C4D0FE1D73CC8A00796D25 /* UIImage+JSQMessages.m */ = {isa = PBXFileReference; fileEncoding = 4; lastKnownFileType = sourcecode.c.objc; path = "UIImage+JSQMessages.m"; sourceTree = "<group>"; };
		88C4D0FF1D73CC8A00796D25 /* UIView+JSQMessages.h */ = {isa = PBXFileReference; fileEncoding = 4; lastKnownFileType = sourcecode.c.h; path = "UIView+JSQMessages.h"; sourceTree = "<group>"; };
		88C4D1001D73CC8A00796D25 /* UIView+JSQMessages.m */ = {isa = PBXFileReference; fileEncoding = 4; lastKnownFileType = sourcecode.c.objc; path = "UIView+JSQMessages.m"; sourceTree = "<group>"; };
		88C4D1021D73CC8A00796D25 /* JSQMessagesKeyboardController.h */ = {isa = PBXFileReference; fileEncoding = 4; lastKnownFileType = sourcecode.c.h; path = JSQMessagesKeyboardController.h; sourceTree = "<group>"; };
		88C4D1031D73CC8A00796D25 /* JSQMessagesKeyboardController.m */ = {isa = PBXFileReference; fileEncoding = 4; lastKnownFileType = sourcecode.c.objc; path = JSQMessagesKeyboardController.m; sourceTree = "<group>"; };
		88C4D1041D73CC8A00796D25 /* JSQMessagesViewController.h */ = {isa = PBXFileReference; fileEncoding = 4; lastKnownFileType = sourcecode.c.h; path = JSQMessagesViewController.h; sourceTree = "<group>"; };
		88C4D1051D73CC8A00796D25 /* JSQMessagesViewController.m */ = {isa = PBXFileReference; fileEncoding = 4; lastKnownFileType = sourcecode.c.objc; path = JSQMessagesViewController.m; sourceTree = "<group>"; };
		88C4D1061D73CC8A00796D25 /* JSQMessagesViewController.xib */ = {isa = PBXFileReference; fileEncoding = 4; lastKnownFileType = file.xib; path = JSQMessagesViewController.xib; sourceTree = "<group>"; };
		88C4D1081D73CC8A00796D25 /* JSQMessagesAvatarImageFactory.h */ = {isa = PBXFileReference; fileEncoding = 4; lastKnownFileType = sourcecode.c.h; path = JSQMessagesAvatarImageFactory.h; sourceTree = "<group>"; };
		88C4D1091D73CC8A00796D25 /* JSQMessagesAvatarImageFactory.m */ = {isa = PBXFileReference; fileEncoding = 4; lastKnownFileType = sourcecode.c.objc; path = JSQMessagesAvatarImageFactory.m; sourceTree = "<group>"; };
		88C4D10A1D73CC8A00796D25 /* JSQMessagesBubbleImageFactory.h */ = {isa = PBXFileReference; fileEncoding = 4; lastKnownFileType = sourcecode.c.h; path = JSQMessagesBubbleImageFactory.h; sourceTree = "<group>"; };
		88C4D10B1D73CC8A00796D25 /* JSQMessagesBubbleImageFactory.m */ = {isa = PBXFileReference; fileEncoding = 4; lastKnownFileType = sourcecode.c.objc; path = JSQMessagesBubbleImageFactory.m; sourceTree = "<group>"; };
		88C4D10C1D73CC8A00796D25 /* JSQMessagesMediaViewBubbleImageMasker.h */ = {isa = PBXFileReference; fileEncoding = 4; lastKnownFileType = sourcecode.c.h; path = JSQMessagesMediaViewBubbleImageMasker.h; sourceTree = "<group>"; };
		88C4D10D1D73CC8A00796D25 /* JSQMessagesMediaViewBubbleImageMasker.m */ = {isa = PBXFileReference; fileEncoding = 4; lastKnownFileType = sourcecode.c.objc; path = JSQMessagesMediaViewBubbleImageMasker.m; sourceTree = "<group>"; };
		88C4D10E1D73CC8A00796D25 /* JSQMessagesTimestampFormatter.h */ = {isa = PBXFileReference; fileEncoding = 4; lastKnownFileType = sourcecode.c.h; path = JSQMessagesTimestampFormatter.h; sourceTree = "<group>"; };
		88C4D10F1D73CC8A00796D25 /* JSQMessagesTimestampFormatter.m */ = {isa = PBXFileReference; fileEncoding = 4; lastKnownFileType = sourcecode.c.objc; path = JSQMessagesTimestampFormatter.m; sourceTree = "<group>"; };
		88C4D1101D73CC8A00796D25 /* JSQMessagesToolbarButtonFactory.h */ = {isa = PBXFileReference; fileEncoding = 4; lastKnownFileType = sourcecode.c.h; path = JSQMessagesToolbarButtonFactory.h; sourceTree = "<group>"; };
		88C4D1111D73CC8A00796D25 /* JSQMessagesToolbarButtonFactory.m */ = {isa = PBXFileReference; fileEncoding = 4; lastKnownFileType = sourcecode.c.objc; path = JSQMessagesToolbarButtonFactory.m; sourceTree = "<group>"; };
		88C4D1121D73CC8A00796D25 /* JSQMessages.h */ = {isa = PBXFileReference; fileEncoding = 4; lastKnownFileType = sourcecode.c.h; path = JSQMessages.h; sourceTree = "<group>"; };
		88C4D1141D73CC8A00796D25 /* JSQAudioMediaViewAttributes.h */ = {isa = PBXFileReference; fileEncoding = 4; lastKnownFileType = sourcecode.c.h; path = JSQAudioMediaViewAttributes.h; sourceTree = "<group>"; };
		88C4D1151D73CC8A00796D25 /* JSQAudioMediaViewAttributes.m */ = {isa = PBXFileReference; fileEncoding = 4; lastKnownFileType = sourcecode.c.objc; path = JSQAudioMediaViewAttributes.m; sourceTree = "<group>"; };
		88C4D1161D73CC8A00796D25 /* JSQMessagesBubbleSizeCalculating.h */ = {isa = PBXFileReference; fileEncoding = 4; lastKnownFileType = sourcecode.c.h; path = JSQMessagesBubbleSizeCalculating.h; sourceTree = "<group>"; };
		88C4D1171D73CC8A00796D25 /* JSQMessagesBubblesSizeCalculator.h */ = {isa = PBXFileReference; fileEncoding = 4; lastKnownFileType = sourcecode.c.h; path = JSQMessagesBubblesSizeCalculator.h; sourceTree = "<group>"; };
		88C4D1181D73CC8A00796D25 /* JSQMessagesBubblesSizeCalculator.m */ = {isa = PBXFileReference; fileEncoding = 4; lastKnownFileType = sourcecode.c.objc; path = JSQMessagesBubblesSizeCalculator.m; sourceTree = "<group>"; };
		88C4D1191D73CC8A00796D25 /* JSQMessagesCollectionViewFlowLayout.h */ = {isa = PBXFileReference; fileEncoding = 4; lastKnownFileType = sourcecode.c.h; path = JSQMessagesCollectionViewFlowLayout.h; sourceTree = "<group>"; };
		88C4D11A1D73CC8A00796D25 /* JSQMessagesCollectionViewFlowLayout.m */ = {isa = PBXFileReference; fileEncoding = 4; lastKnownFileType = sourcecode.c.objc; path = JSQMessagesCollectionViewFlowLayout.m; sourceTree = "<group>"; };
		88C4D11B1D73CC8A00796D25 /* JSQMessagesCollectionViewFlowLayoutInvalidationContext.h */ = {isa = PBXFileReference; fileEncoding = 4; lastKnownFileType = sourcecode.c.h; path = JSQMessagesCollectionViewFlowLayoutInvalidationContext.h; sourceTree = "<group>"; };
		88C4D11C1D73CC8A00796D25 /* JSQMessagesCollectionViewFlowLayoutInvalidationContext.m */ = {isa = PBXFileReference; fileEncoding = 4; lastKnownFileType = sourcecode.c.objc; path = JSQMessagesCollectionViewFlowLayoutInvalidationContext.m; sourceTree = "<group>"; };
		88C4D11D1D73CC8A00796D25 /* JSQMessagesCollectionViewLayoutAttributes.h */ = {isa = PBXFileReference; fileEncoding = 4; lastKnownFileType = sourcecode.c.h; path = JSQMessagesCollectionViewLayoutAttributes.h; sourceTree = "<group>"; };
		88C4D11E1D73CC8A00796D25 /* JSQMessagesCollectionViewLayoutAttributes.m */ = {isa = PBXFileReference; fileEncoding = 4; lastKnownFileType = sourcecode.c.objc; path = JSQMessagesCollectionViewLayoutAttributes.m; sourceTree = "<group>"; };
		88C4D1201D73CC8A00796D25 /* JSQAudioMediaItem.h */ = {isa = PBXFileReference; fileEncoding = 4; lastKnownFileType = sourcecode.c.h; path = JSQAudioMediaItem.h; sourceTree = "<group>"; };
		88C4D1211D73CC8A00796D25 /* JSQAudioMediaItem.m */ = {isa = PBXFileReference; fileEncoding = 4; lastKnownFileType = sourcecode.c.objc; path = JSQAudioMediaItem.m; sourceTree = "<group>"; };
		88C4D1221D73CC8A00796D25 /* JSQLocationMediaItem.h */ = {isa = PBXFileReference; fileEncoding = 4; lastKnownFileType = sourcecode.c.h; path = JSQLocationMediaItem.h; sourceTree = "<group>"; };
		88C4D1231D73CC8A00796D25 /* JSQLocationMediaItem.m */ = {isa = PBXFileReference; fileEncoding = 4; lastKnownFileType = sourcecode.c.objc; path = JSQLocationMediaItem.m; sourceTree = "<group>"; };
		88C4D1241D73CC8A00796D25 /* JSQMediaItem.h */ = {isa = PBXFileReference; fileEncoding = 4; lastKnownFileType = sourcecode.c.h; path = JSQMediaItem.h; sourceTree = "<group>"; };
		88C4D1251D73CC8A00796D25 /* JSQMediaItem.m */ = {isa = PBXFileReference; fileEncoding = 4; lastKnownFileType = sourcecode.c.objc; path = JSQMediaItem.m; sourceTree = "<group>"; };
		88C4D1261D73CC8A00796D25 /* JSQMessage.h */ = {isa = PBXFileReference; fileEncoding = 4; lastKnownFileType = sourcecode.c.h; path = JSQMessage.h; sourceTree = "<group>"; };
		88C4D1271D73CC8A00796D25 /* JSQMessage.m */ = {isa = PBXFileReference; fileEncoding = 4; lastKnownFileType = sourcecode.c.objc; path = JSQMessage.m; sourceTree = "<group>"; };
		88C4D1281D73CC8A00796D25 /* JSQMessageAvatarImageDataSource.h */ = {isa = PBXFileReference; fileEncoding = 4; lastKnownFileType = sourcecode.c.h; path = JSQMessageAvatarImageDataSource.h; sourceTree = "<group>"; };
		88C4D1291D73CC8A00796D25 /* JSQMessageBubbleImageDataSource.h */ = {isa = PBXFileReference; fileEncoding = 4; lastKnownFileType = sourcecode.c.h; path = JSQMessageBubbleImageDataSource.h; sourceTree = "<group>"; };
		88C4D12A1D73CC8A00796D25 /* JSQMessageData.h */ = {isa = PBXFileReference; fileEncoding = 4; lastKnownFileType = sourcecode.c.h; path = JSQMessageData.h; sourceTree = "<group>"; };
		88C4D12B1D73CC8A00796D25 /* JSQMessageMediaData.h */ = {isa = PBXFileReference; fileEncoding = 4; lastKnownFileType = sourcecode.c.h; path = JSQMessageMediaData.h; sourceTree = "<group>"; };
		88C4D12C1D73CC8A00796D25 /* JSQMessagesAvatarImage.h */ = {isa = PBXFileReference; fileEncoding = 4; lastKnownFileType = sourcecode.c.h; path = JSQMessagesAvatarImage.h; sourceTree = "<group>"; };
		88C4D12D1D73CC8A00796D25 /* JSQMessagesAvatarImage.m */ = {isa = PBXFileReference; fileEncoding = 4; lastKnownFileType = sourcecode.c.objc; path = JSQMessagesAvatarImage.m; sourceTree = "<group>"; };
		88C4D12E1D73CC8A00796D25 /* JSQMessagesBubbleImage.h */ = {isa = PBXFileReference; fileEncoding = 4; lastKnownFileType = sourcecode.c.h; path = JSQMessagesBubbleImage.h; sourceTree = "<group>"; };
		88C4D12F1D73CC8A00796D25 /* JSQMessagesBubbleImage.m */ = {isa = PBXFileReference; fileEncoding = 4; lastKnownFileType = sourcecode.c.objc; path = JSQMessagesBubbleImage.m; sourceTree = "<group>"; };
		88C4D1301D73CC8A00796D25 /* JSQMessagesCollectionViewDataSource.h */ = {isa = PBXFileReference; fileEncoding = 4; lastKnownFileType = sourcecode.c.h; path = JSQMessagesCollectionViewDataSource.h; sourceTree = "<group>"; };
		88C4D1311D73CC8A00796D25 /* JSQMessagesCollectionViewDelegateFlowLayout.h */ = {isa = PBXFileReference; fileEncoding = 4; lastKnownFileType = sourcecode.c.h; path = JSQMessagesCollectionViewDelegateFlowLayout.h; sourceTree = "<group>"; };
		88C4D1321D73CC8A00796D25 /* JSQPhotoMediaItem.h */ = {isa = PBXFileReference; fileEncoding = 4; lastKnownFileType = sourcecode.c.h; path = JSQPhotoMediaItem.h; sourceTree = "<group>"; };
		88C4D1331D73CC8A00796D25 /* JSQPhotoMediaItem.m */ = {isa = PBXFileReference; fileEncoding = 4; lastKnownFileType = sourcecode.c.objc; path = JSQPhotoMediaItem.m; sourceTree = "<group>"; };
		88C4D1341D73CC8A00796D25 /* JSQVideoMediaItem.h */ = {isa = PBXFileReference; fileEncoding = 4; lastKnownFileType = sourcecode.c.h; path = JSQVideoMediaItem.h; sourceTree = "<group>"; };
		88C4D1351D73CC8A00796D25 /* JSQVideoMediaItem.m */ = {isa = PBXFileReference; fileEncoding = 4; lastKnownFileType = sourcecode.c.objc; path = JSQVideoMediaItem.m; sourceTree = "<group>"; };
		88C4D1371D73CC8A00796D25 /* JSQMessagesCellTextView.h */ = {isa = PBXFileReference; fileEncoding = 4; lastKnownFileType = sourcecode.c.h; path = JSQMessagesCellTextView.h; sourceTree = "<group>"; };
		88C4D1381D73CC8A00796D25 /* JSQMessagesCellTextView.m */ = {isa = PBXFileReference; fileEncoding = 4; lastKnownFileType = sourcecode.c.objc; path = JSQMessagesCellTextView.m; sourceTree = "<group>"; };
		88C4D1391D73CC8A00796D25 /* JSQMessagesCollectionView.h */ = {isa = PBXFileReference; fileEncoding = 4; lastKnownFileType = sourcecode.c.h; path = JSQMessagesCollectionView.h; sourceTree = "<group>"; };
		88C4D13A1D73CC8A00796D25 /* JSQMessagesCollectionView.m */ = {isa = PBXFileReference; fileEncoding = 4; lastKnownFileType = sourcecode.c.objc; path = JSQMessagesCollectionView.m; sourceTree = "<group>"; };
		88C4D13B1D73CC8A00796D25 /* JSQMessagesCollectionViewCell.h */ = {isa = PBXFileReference; fileEncoding = 4; lastKnownFileType = sourcecode.c.h; path = JSQMessagesCollectionViewCell.h; sourceTree = "<group>"; };
		88C4D13C1D73CC8A00796D25 /* JSQMessagesCollectionViewCell.m */ = {isa = PBXFileReference; fileEncoding = 4; lastKnownFileType = sourcecode.c.objc; path = JSQMessagesCollectionViewCell.m; sourceTree = "<group>"; };
		88C4D13D1D73CC8A00796D25 /* JSQMessagesCollectionViewCellIncoming.h */ = {isa = PBXFileReference; fileEncoding = 4; lastKnownFileType = sourcecode.c.h; path = JSQMessagesCollectionViewCellIncoming.h; sourceTree = "<group>"; };
		88C4D13E1D73CC8A00796D25 /* JSQMessagesCollectionViewCellIncoming.m */ = {isa = PBXFileReference; fileEncoding = 4; lastKnownFileType = sourcecode.c.objc; path = JSQMessagesCollectionViewCellIncoming.m; sourceTree = "<group>"; };
		88C4D13F1D73CC8A00796D25 /* JSQMessagesCollectionViewCellIncoming.xib */ = {isa = PBXFileReference; fileEncoding = 4; lastKnownFileType = file.xib; path = JSQMessagesCollectionViewCellIncoming.xib; sourceTree = "<group>"; };
		88C4D1401D73CC8A00796D25 /* JSQMessagesCollectionViewCellOutgoing.h */ = {isa = PBXFileReference; fileEncoding = 4; lastKnownFileType = sourcecode.c.h; path = JSQMessagesCollectionViewCellOutgoing.h; sourceTree = "<group>"; };
		88C4D1411D73CC8A00796D25 /* JSQMessagesCollectionViewCellOutgoing.m */ = {isa = PBXFileReference; fileEncoding = 4; lastKnownFileType = sourcecode.c.objc; path = JSQMessagesCollectionViewCellOutgoing.m; sourceTree = "<group>"; };
		88C4D1421D73CC8A00796D25 /* JSQMessagesCollectionViewCellOutgoing.xib */ = {isa = PBXFileReference; fileEncoding = 4; lastKnownFileType = file.xib; path = JSQMessagesCollectionViewCellOutgoing.xib; sourceTree = "<group>"; };
		88C4D1431D73CC8A00796D25 /* JSQMessagesComposerTextView.h */ = {isa = PBXFileReference; fileEncoding = 4; lastKnownFileType = sourcecode.c.h; path = JSQMessagesComposerTextView.h; sourceTree = "<group>"; };
		88C4D1441D73CC8A00796D25 /* JSQMessagesComposerTextView.m */ = {isa = PBXFileReference; fileEncoding = 4; lastKnownFileType = sourcecode.c.objc; path = JSQMessagesComposerTextView.m; sourceTree = "<group>"; };
		88C4D1451D73CC8A00796D25 /* JSQMessagesInputToolbar.h */ = {isa = PBXFileReference; fileEncoding = 4; lastKnownFileType = sourcecode.c.h; path = JSQMessagesInputToolbar.h; sourceTree = "<group>"; };
		88C4D1461D73CC8A00796D25 /* JSQMessagesInputToolbar.m */ = {isa = PBXFileReference; fileEncoding = 4; lastKnownFileType = sourcecode.c.objc; path = JSQMessagesInputToolbar.m; sourceTree = "<group>"; };
		88C4D1471D73CC8A00796D25 /* JSQMessagesLabel.h */ = {isa = PBXFileReference; fileEncoding = 4; lastKnownFileType = sourcecode.c.h; path = JSQMessagesLabel.h; sourceTree = "<group>"; };
		88C4D1481D73CC8A00796D25 /* JSQMessagesLabel.m */ = {isa = PBXFileReference; fileEncoding = 4; lastKnownFileType = sourcecode.c.objc; path = JSQMessagesLabel.m; sourceTree = "<group>"; };
		88C4D1491D73CC8A00796D25 /* JSQMessagesLoadEarlierHeaderView.h */ = {isa = PBXFileReference; fileEncoding = 4; lastKnownFileType = sourcecode.c.h; path = JSQMessagesLoadEarlierHeaderView.h; sourceTree = "<group>"; };
		88C4D14A1D73CC8A00796D25 /* JSQMessagesLoadEarlierHeaderView.m */ = {isa = PBXFileReference; fileEncoding = 4; lastKnownFileType = sourcecode.c.objc; path = JSQMessagesLoadEarlierHeaderView.m; sourceTree = "<group>"; };
		88C4D14B1D73CC8A00796D25 /* JSQMessagesLoadEarlierHeaderView.xib */ = {isa = PBXFileReference; fileEncoding = 4; lastKnownFileType = file.xib; path = JSQMessagesLoadEarlierHeaderView.xib; sourceTree = "<group>"; };
		88C4D14C1D73CC8A00796D25 /* JSQMessagesMediaPlaceholderView.h */ = {isa = PBXFileReference; fileEncoding = 4; lastKnownFileType = sourcecode.c.h; path = JSQMessagesMediaPlaceholderView.h; sourceTree = "<group>"; };
		88C4D14D1D73CC8A00796D25 /* JSQMessagesMediaPlaceholderView.m */ = {isa = PBXFileReference; fileEncoding = 4; lastKnownFileType = sourcecode.c.objc; path = JSQMessagesMediaPlaceholderView.m; sourceTree = "<group>"; };
		88C4D14E1D73CC8A00796D25 /* JSQMessagesToolbarContentView.h */ = {isa = PBXFileReference; fileEncoding = 4; lastKnownFileType = sourcecode.c.h; path = JSQMessagesToolbarContentView.h; sourceTree = "<group>"; };
		88C4D14F1D73CC8A00796D25 /* JSQMessagesToolbarContentView.m */ = {isa = PBXFileReference; fileEncoding = 4; lastKnownFileType = sourcecode.c.objc; path = JSQMessagesToolbarContentView.m; sourceTree = "<group>"; };
		88C4D1501D73CC8A00796D25 /* JSQMessagesToolbarContentView.xib */ = {isa = PBXFileReference; fileEncoding = 4; lastKnownFileType = file.xib; path = JSQMessagesToolbarContentView.xib; sourceTree = "<group>"; };
		88C4D1511D73CC8A00796D25 /* JSQMessagesTypingIndicatorFooterView.h */ = {isa = PBXFileReference; fileEncoding = 4; lastKnownFileType = sourcecode.c.h; path = JSQMessagesTypingIndicatorFooterView.h; sourceTree = "<group>"; };
		88C4D1521D73CC8A00796D25 /* JSQMessagesTypingIndicatorFooterView.m */ = {isa = PBXFileReference; fileEncoding = 4; lastKnownFileType = sourcecode.c.objc; path = JSQMessagesTypingIndicatorFooterView.m; sourceTree = "<group>"; };
		88C4D1531D73CC8A00796D25 /* JSQMessagesTypingIndicatorFooterView.xib */ = {isa = PBXFileReference; fileEncoding = 4; lastKnownFileType = file.xib; path = JSQMessagesTypingIndicatorFooterView.xib; sourceTree = "<group>"; };
		88C4D1571D73CC8A00796D25 /* JSQSystemSoundPlayer.h */ = {isa = PBXFileReference; fileEncoding = 4; lastKnownFileType = sourcecode.c.h; path = JSQSystemSoundPlayer.h; sourceTree = "<group>"; };
		88C4D1581D73CC8A00796D25 /* JSQSystemSoundPlayer.m */ = {isa = PBXFileReference; fileEncoding = 4; lastKnownFileType = sourcecode.c.objc; path = JSQSystemSoundPlayer.m; sourceTree = "<group>"; };
		88FBE71F1D2A668000556F43 /* AppDelegate.h */ = {isa = PBXFileReference; fileEncoding = 4; lastKnownFileType = sourcecode.c.h; path = AppDelegate.h; sourceTree = "<group>"; };
		88FBE7201D2A668000556F43 /* AppDelegate.m */ = {isa = PBXFileReference; fileEncoding = 4; lastKnownFileType = sourcecode.c.objc; path = AppDelegate.m; sourceTree = "<group>"; };
		88FBE7211D2A668000556F43 /* Assets.xcassets */ = {isa = PBXFileReference; lastKnownFileType = folder.assetcatalog; path = Assets.xcassets; sourceTree = "<group>"; };
		88FBE7231D2A668000556F43 /* Base */ = {isa = PBXFileReference; lastKnownFileType = file.storyboard; name = Base; path = Base.lproj/LaunchScreen.storyboard; sourceTree = "<group>"; };
		88FBE7251D2A668000556F43 /* main.m */ = {isa = PBXFileReference; fileEncoding = 4; lastKnownFileType = sourcecode.c.objc; path = main.m; sourceTree = "<group>"; };
		88FBE7261D2A668000556F43 /* Main.storyboard */ = {isa = PBXFileReference; fileEncoding = 4; lastKnownFileType = file.storyboard; path = Main.storyboard; sourceTree = "<group>"; };
		88FBE7271D2A668000556F43 /* PKMessageViewController.h */ = {isa = PBXFileReference; fileEncoding = 4; lastKnownFileType = sourcecode.c.h; path = PKMessageViewController.h; sourceTree = "<group>"; };
		88FBE7281D2A668000556F43 /* PKMessageViewController.m */ = {isa = PBXFileReference; fileEncoding = 4; lastKnownFileType = sourcecode.c.objc; path = PKMessageViewController.m; sourceTree = "<group>"; };
		88FBE7291D2A668000556F43 /* PKRootViewController.h */ = {isa = PBXFileReference; fileEncoding = 4; lastKnownFileType = sourcecode.c.h; path = PKRootViewController.h; sourceTree = "<group>"; };
		88FBE72A1D2A668000556F43 /* PKRootViewController.m */ = {isa = PBXFileReference; fileEncoding = 4; lastKnownFileType = sourcecode.c.objc; path = PKRootViewController.m; sourceTree = "<group>"; };
		88FBE72B1D2A668000556F43 /* PKShortVideoItem.h */ = {isa = PBXFileReference; fileEncoding = 4; lastKnownFileType = sourcecode.c.h; path = PKShortVideoItem.h; sourceTree = "<group>"; };
		88FBE72C1D2A668000556F43 /* PKShortVideoItem.m */ = {isa = PBXFileReference; fileEncoding = 4; lastKnownFileType = sourcecode.c.objc; path = PKShortVideoItem.m; sourceTree = "<group>"; };
		9C6454431D98F43C0021FADE /* PKPlayerView.h */ = {isa = PBXFileReference; fileEncoding = 4; lastKnownFileType = sourcecode.c.h; path = PKPlayerView.h; sourceTree = "<group>"; };
		9C6454441D98F43C0021FADE /* PKPlayerView.m */ = {isa = PBXFileReference; fileEncoding = 4; lastKnownFileType = sourcecode.c.objc; path = PKPlayerView.m; sourceTree = "<group>"; };
		9C6454461D98F49D0021FADE /* PKPlayerManager.h */ = {isa = PBXFileReference; fileEncoding = 4; lastKnownFileType = sourcecode.c.h; path = PKPlayerManager.h; sourceTree = "<group>"; };
		9C6454471D98F49D0021FADE /* PKPlayerManager.m */ = {isa = PBXFileReference; fileEncoding = 4; lastKnownFileType = sourcecode.c.objc; path = PKPlayerManager.m; sourceTree = "<group>"; };
		9C7785C51DC740B400AE912E /* Info.plist */ = {isa = PBXFileReference; fileEncoding = 4; lastKnownFileType = text.plist.xml; path = Info.plist; sourceTree = "<group>"; };
		9CCBDCBE1D98D2AB00BA9C4A /* PKMessageViewController2.h */ = {isa = PBXFileReference; fileEncoding = 4; lastKnownFileType = sourcecode.c.h; path = PKMessageViewController2.h; sourceTree = "<group>"; };
		9CCBDCBF1D98D2AB00BA9C4A /* PKMessageViewController2.m */ = {isa = PBXFileReference; fileEncoding = 4; lastKnownFileType = sourcecode.c.objc; path = PKMessageViewController2.m; sourceTree = "<group>"; };
		9CCBDCC11D98D37800BA9C4A /* PKShortVideoItem2.h */ = {isa = PBXFileReference; fileEncoding = 4; lastKnownFileType = sourcecode.c.h; path = PKShortVideoItem2.h; sourceTree = "<group>"; };
		9CCBDCC21D98D37800BA9C4A /* PKShortVideoItem2.m */ = {isa = PBXFileReference; fileEncoding = 4; lastKnownFileType = sourcecode.c.objc; path = PKShortVideoItem2.m; sourceTree = "<group>"; };
		AE4066D51D30E046002273A8 /* PKFullScreenPlayerView.h */ = {isa = PBXFileReference; fileEncoding = 4; lastKnownFileType = sourcecode.c.h; path = PKFullScreenPlayerView.h; sourceTree = "<group>"; };
		AE4066D61D30E046002273A8 /* PKFullScreenPlayerView.m */ = {isa = PBXFileReference; fileEncoding = 4; lastKnownFileType = sourcecode.c.objc; path = PKFullScreenPlayerView.m; sourceTree = "<group>"; };
		AE4066D71D30E046002273A8 /* PKFullScreenPlayerViewController.h */ = {isa = PBXFileReference; fileEncoding = 4; lastKnownFileType = sourcecode.c.h; path = PKFullScreenPlayerViewController.h; sourceTree = "<group>"; };
		AE4066D81D30E046002273A8 /* PKFullScreenPlayerViewController.m */ = {isa = PBXFileReference; fileEncoding = 4; lastKnownFileType = sourcecode.c.objc; path = PKFullScreenPlayerViewController.m; sourceTree = "<group>"; };
		AE4066DB1D30E0C4002273A8 /* PK_Camera_Turn@2x.png */ = {isa = PBXFileReference; lastKnownFileType = image.png; path = "PK_Camera_Turn@2x.png"; sourceTree = "<group>"; };
		AE52D2591D856F1300D9B86B /* PKChatMessagePlayerView.h */ = {isa = PBXFileReference; fileEncoding = 4; lastKnownFileType = sourcecode.c.h; path = PKChatMessagePlayerView.h; sourceTree = "<group>"; };
		AE52D25A1D856F1300D9B86B /* PKChatMessagePlayerView.m */ = {isa = PBXFileReference; fileEncoding = 4; lastKnownFileType = sourcecode.c.objc; path = PKChatMessagePlayerView.m; sourceTree = "<group>"; };
		AE52D25B1D856F1300D9B86B /* PKColorConversion.h */ = {isa = PBXFileReference; fileEncoding = 4; lastKnownFileType = sourcecode.c.h; path = PKColorConversion.h; sourceTree = "<group>"; };
		AE52D25C1D856F1300D9B86B /* PKColorConversion.m */ = {isa = PBXFileReference; fileEncoding = 4; lastKnownFileType = sourcecode.c.objc; path = PKColorConversion.m; sourceTree = "<group>"; };
		AE52D25D1D856F1300D9B86B /* PKVideoDecoder.h */ = {isa = PBXFileReference; fileEncoding = 4; lastKnownFileType = sourcecode.c.h; path = PKVideoDecoder.h; sourceTree = "<group>"; };
		AE52D25E1D856F1300D9B86B /* PKVideoDecoder.m */ = {isa = PBXFileReference; fileEncoding = 4; lastKnownFileType = sourcecode.c.objc; path = PKVideoDecoder.m; sourceTree = "<group>"; };
		AEDD7D431C34329100977BD0 /* PKShortVideo.app */ = {isa = PBXFileReference; explicitFileType = wrapper.application; includeInIndex = 0; path = PKShortVideo.app; sourceTree = BUILT_PRODUCTS_DIR; };
		AEDD7D5C1C34329100977BD0 /* PKShortVideo.xctest */ = {isa = PBXFileReference; explicitFileType = wrapper.cfbundle; includeInIndex = 0; path = PKShortVideo.xctest; sourceTree = BUILT_PRODUCTS_DIR; };
		AEDD7D601C34329100977BD0 /* PKShortVideoTests.m */ = {isa = PBXFileReference; lastKnownFileType = sourcecode.c.objc; path = PKShortVideoTests.m; sourceTree = "<group>"; };
		AEDD7D621C34329100977BD0 /* Info.plist */ = {isa = PBXFileReference; lastKnownFileType = text.plist.xml; path = Info.plist; sourceTree = "<group>"; };
		AEDD7D671C34329100977BD0 /* PKShortVideo.xctest */ = {isa = PBXFileReference; explicitFileType = wrapper.cfbundle; includeInIndex = 0; path = PKShortVideo.xctest; sourceTree = BUILT_PRODUCTS_DIR; };
		AEDD7D6B1C34329100977BD0 /* PKShortVideoUITests.m */ = {isa = PBXFileReference; lastKnownFileType = sourcecode.c.objc; path = PKShortVideoUITests.m; sourceTree = "<group>"; };
		AEDD7D6D1C34329100977BD0 /* Info.plist */ = {isa = PBXFileReference; lastKnownFileType = text.plist.xml; path = Info.plist; sourceTree = "<group>"; };
		AEED9EF71D8545FC005CF78C /* GLProgram.h */ = {isa = PBXFileReference; fileEncoding = 4; lastKnownFileType = sourcecode.c.h; name = GLProgram.h; path = GPUImage/GLProgram.h; sourceTree = "<group>"; };
		AEED9EF81D8545FC005CF78C /* GLProgram.m */ = {isa = PBXFileReference; fileEncoding = 4; lastKnownFileType = sourcecode.c.objc; name = GLProgram.m; path = GPUImage/GLProgram.m; sourceTree = "<group>"; };
		AEED9EF91D8545FC005CF78C /* GPUImageContext.h */ = {isa = PBXFileReference; fileEncoding = 4; lastKnownFileType = sourcecode.c.h; name = GPUImageContext.h; path = GPUImage/GPUImageContext.h; sourceTree = "<group>"; };
		AEED9EFA1D8545FC005CF78C /* GPUImageContext.m */ = {isa = PBXFileReference; fileEncoding = 4; lastKnownFileType = sourcecode.c.objc; name = GPUImageContext.m; path = GPUImage/GPUImageContext.m; sourceTree = "<group>"; };
		AEED9EFB1D8545FC005CF78C /* GPUImageFramebuffer.h */ = {isa = PBXFileReference; fileEncoding = 4; lastKnownFileType = sourcecode.c.h; name = GPUImageFramebuffer.h; path = GPUImage/GPUImageFramebuffer.h; sourceTree = "<group>"; };
		AEED9EFC1D8545FC005CF78C /* GPUImageFramebuffer.m */ = {isa = PBXFileReference; fileEncoding = 4; lastKnownFileType = sourcecode.c.objc; name = GPUImageFramebuffer.m; path = GPUImage/GPUImageFramebuffer.m; sourceTree = "<group>"; };
		AEED9EFD1D8545FC005CF78C /* GPUImageFramebufferCache.h */ = {isa = PBXFileReference; fileEncoding = 4; lastKnownFileType = sourcecode.c.h; name = GPUImageFramebufferCache.h; path = GPUImage/GPUImageFramebufferCache.h; sourceTree = "<group>"; };
		AEED9EFE1D8545FC005CF78C /* GPUImageFramebufferCache.m */ = {isa = PBXFileReference; fileEncoding = 4; lastKnownFileType = sourcecode.c.objc; name = GPUImageFramebufferCache.m; path = GPUImage/GPUImageFramebufferCache.m; sourceTree = "<group>"; };
		AEED9F031D85564B005CF78C /* PKShortVideo.h */ = {isa = PBXFileReference; fileEncoding = 4; lastKnownFileType = sourcecode.c.h; path = PKShortVideo.h; sourceTree = "<group>"; };
/* End PBXFileReference section */

/* Begin PBXFrameworksBuildPhase section */
		AEDD7D401C34329100977BD0 /* Frameworks */ = {
			isa = PBXFrameworksBuildPhase;
			buildActionMask = 2147483647;
			files = (
			);
			runOnlyForDeploymentPostprocessing = 0;
		};
		AEDD7D591C34329100977BD0 /* Frameworks */ = {
			isa = PBXFrameworksBuildPhase;
			buildActionMask = 2147483647;
			files = (
			);
			runOnlyForDeploymentPostprocessing = 0;
		};
		AEDD7D641C34329100977BD0 /* Frameworks */ = {
			isa = PBXFrameworksBuildPhase;
			buildActionMask = 2147483647;
			files = (
			);
			runOnlyForDeploymentPostprocessing = 0;
		};
/* End PBXFrameworksBuildPhase section */

/* Begin PBXGroup section */
		880525FF1CF2F94C005EC256 /* PKShortVideoPlayer */ = {
			isa = PBXGroup;
			children = (
				AE52D2591D856F1300D9B86B /* PKChatMessagePlayerView.h */,
				AE52D25A1D856F1300D9B86B /* PKChatMessagePlayerView.m */,
				9C6454431D98F43C0021FADE /* PKPlayerView.h */,
				9C6454441D98F43C0021FADE /* PKPlayerView.m */,
				AE52D25B1D856F1300D9B86B /* PKColorConversion.h */,
				AE52D25C1D856F1300D9B86B /* PKColorConversion.m */,
				AE52D25D1D856F1300D9B86B /* PKVideoDecoder.h */,
				AE52D25E1D856F1300D9B86B /* PKVideoDecoder.m */,
				AE4066D51D30E046002273A8 /* PKFullScreenPlayerView.h */,
				AE4066D61D30E046002273A8 /* PKFullScreenPlayerView.m */,
				AE4066D71D30E046002273A8 /* PKFullScreenPlayerViewController.h */,
				AE4066D81D30E046002273A8 /* PKFullScreenPlayerViewController.m */,
				9C6454461D98F49D0021FADE /* PKPlayerManager.h */,
				9C6454471D98F49D0021FADE /* PKPlayerManager.m */,
			);
			path = PKShortVideoPlayer;
			sourceTree = "<group>";
		};
		8805261D1CF2F94C005EC256 /* PKShortVideoWriter */ = {
			isa = PBXGroup;
			children = (
				880526231CF2F94C005EC256 /* PKShortVideoProgressBar.h */,
				880526241CF2F94C005EC256 /* PKShortVideoProgressBar.m */,
				880526251CF2F94C005EC256 /* PKShortVideoRecorder.h */,
				880526261CF2F94C005EC256 /* PKShortVideoRecorder.m */,
				880526271CF2F94C005EC256 /* PKShortVideoSession.h */,
				880526281CF2F94C005EC256 /* PKShortVideoSession.m */,
				880526291CF2F94C005EC256 /* PKRecordShortVideoViewController.h */,
				8805262A1CF2F94C005EC256 /* PKRecordShortVideoViewController.m */,
			);
			path = PKShortVideoWriter;
			sourceTree = "<group>";
		};
		88BFB08C1D1C5A3700F223F3 /* PKAsset */ = {
			isa = PBXGroup;
			children = (
				AE4066DB1D30E0C4002273A8 /* PK_Camera_Turn@2x.png */,
				88BFB08D1D1C5A3700F223F3 /* PK_Delete@2x.png */,
				88BFB08E1D1C5A3700F223F3 /* PK_Play@2x.png */,
			);
			path = PKAsset;
			sourceTree = "<group>";
		};
		88C4D0EF1D73CC8A00796D25 /* JSQMessagesViewController */ = {
			isa = PBXGroup;
			children = (
				88C4D0F01D73CC8A00796D25 /* Assets */,
				88C4D0F21D73CC8A00796D25 /* Categories */,
				88C4D1011D73CC8A00796D25 /* Controllers */,
				88C4D1071D73CC8A00796D25 /* Factories */,
				88C4D1121D73CC8A00796D25 /* JSQMessages.h */,
				88C4D1131D73CC8A00796D25 /* Layout */,
				88C4D11F1D73CC8A00796D25 /* Model */,
				88C4D1361D73CC8A00796D25 /* Views */,
			);
			path = JSQMessagesViewController;
			sourceTree = "<group>";
		};
		88C4D0F01D73CC8A00796D25 /* Assets */ = {
			isa = PBXGroup;
			children = (
				88C4D0F11D73CC8A00796D25 /* JSQMessagesAssets.bundle */,
			);
			path = Assets;
			sourceTree = "<group>";
		};
		88C4D0F21D73CC8A00796D25 /* Categories */ = {
			isa = PBXGroup;
			children = (
				88C4D0F31D73CC8A00796D25 /* JSQSystemSoundPlayer+JSQMessages.h */,
				88C4D0F41D73CC8A00796D25 /* JSQSystemSoundPlayer+JSQMessages.m */,
				88C4D0F51D73CC8A00796D25 /* NSBundle+JSQMessages.h */,
				88C4D0F61D73CC8A00796D25 /* NSBundle+JSQMessages.m */,
				88C4D0F71D73CC8A00796D25 /* NSString+JSQMessages.h */,
				88C4D0F81D73CC8A00796D25 /* NSString+JSQMessages.m */,
				88C4D0F91D73CC8A00796D25 /* UIColor+JSQMessages.h */,
				88C4D0FA1D73CC8A00796D25 /* UIColor+JSQMessages.m */,
				88C4D0FB1D73CC8A00796D25 /* UIDevice+JSQMessages.h */,
				88C4D0FC1D73CC8A00796D25 /* UIDevice+JSQMessages.m */,
				88C4D0FD1D73CC8A00796D25 /* UIImage+JSQMessages.h */,
				88C4D0FE1D73CC8A00796D25 /* UIImage+JSQMessages.m */,
				88C4D0FF1D73CC8A00796D25 /* UIView+JSQMessages.h */,
				88C4D1001D73CC8A00796D25 /* UIView+JSQMessages.m */,
			);
			path = Categories;
			sourceTree = "<group>";
		};
		88C4D1011D73CC8A00796D25 /* Controllers */ = {
			isa = PBXGroup;
			children = (
				88C4D1021D73CC8A00796D25 /* JSQMessagesKeyboardController.h */,
				88C4D1031D73CC8A00796D25 /* JSQMessagesKeyboardController.m */,
				88C4D1041D73CC8A00796D25 /* JSQMessagesViewController.h */,
				88C4D1051D73CC8A00796D25 /* JSQMessagesViewController.m */,
				88C4D1061D73CC8A00796D25 /* JSQMessagesViewController.xib */,
			);
			path = Controllers;
			sourceTree = "<group>";
		};
		88C4D1071D73CC8A00796D25 /* Factories */ = {
			isa = PBXGroup;
			children = (
				88C4D1081D73CC8A00796D25 /* JSQMessagesAvatarImageFactory.h */,
				88C4D1091D73CC8A00796D25 /* JSQMessagesAvatarImageFactory.m */,
				88C4D10A1D73CC8A00796D25 /* JSQMessagesBubbleImageFactory.h */,
				88C4D10B1D73CC8A00796D25 /* JSQMessagesBubbleImageFactory.m */,
				88C4D10C1D73CC8A00796D25 /* JSQMessagesMediaViewBubbleImageMasker.h */,
				88C4D10D1D73CC8A00796D25 /* JSQMessagesMediaViewBubbleImageMasker.m */,
				88C4D10E1D73CC8A00796D25 /* JSQMessagesTimestampFormatter.h */,
				88C4D10F1D73CC8A00796D25 /* JSQMessagesTimestampFormatter.m */,
				88C4D1101D73CC8A00796D25 /* JSQMessagesToolbarButtonFactory.h */,
				88C4D1111D73CC8A00796D25 /* JSQMessagesToolbarButtonFactory.m */,
			);
			path = Factories;
			sourceTree = "<group>";
		};
		88C4D1131D73CC8A00796D25 /* Layout */ = {
			isa = PBXGroup;
			children = (
				88C4D1141D73CC8A00796D25 /* JSQAudioMediaViewAttributes.h */,
				88C4D1151D73CC8A00796D25 /* JSQAudioMediaViewAttributes.m */,
				88C4D1161D73CC8A00796D25 /* JSQMessagesBubbleSizeCalculating.h */,
				88C4D1171D73CC8A00796D25 /* JSQMessagesBubblesSizeCalculator.h */,
				88C4D1181D73CC8A00796D25 /* JSQMessagesBubblesSizeCalculator.m */,
				88C4D1191D73CC8A00796D25 /* JSQMessagesCollectionViewFlowLayout.h */,
				88C4D11A1D73CC8A00796D25 /* JSQMessagesCollectionViewFlowLayout.m */,
				88C4D11B1D73CC8A00796D25 /* JSQMessagesCollectionViewFlowLayoutInvalidationContext.h */,
				88C4D11C1D73CC8A00796D25 /* JSQMessagesCollectionViewFlowLayoutInvalidationContext.m */,
				88C4D11D1D73CC8A00796D25 /* JSQMessagesCollectionViewLayoutAttributes.h */,
				88C4D11E1D73CC8A00796D25 /* JSQMessagesCollectionViewLayoutAttributes.m */,
			);
			path = Layout;
			sourceTree = "<group>";
		};
		88C4D11F1D73CC8A00796D25 /* Model */ = {
			isa = PBXGroup;
			children = (
				88C4D1201D73CC8A00796D25 /* JSQAudioMediaItem.h */,
				88C4D1211D73CC8A00796D25 /* JSQAudioMediaItem.m */,
				88C4D1221D73CC8A00796D25 /* JSQLocationMediaItem.h */,
				88C4D1231D73CC8A00796D25 /* JSQLocationMediaItem.m */,
				88C4D1241D73CC8A00796D25 /* JSQMediaItem.h */,
				88C4D1251D73CC8A00796D25 /* JSQMediaItem.m */,
				88C4D1261D73CC8A00796D25 /* JSQMessage.h */,
				88C4D1271D73CC8A00796D25 /* JSQMessage.m */,
				88C4D1281D73CC8A00796D25 /* JSQMessageAvatarImageDataSource.h */,
				88C4D1291D73CC8A00796D25 /* JSQMessageBubbleImageDataSource.h */,
				88C4D12A1D73CC8A00796D25 /* JSQMessageData.h */,
				88C4D12B1D73CC8A00796D25 /* JSQMessageMediaData.h */,
				88C4D12C1D73CC8A00796D25 /* JSQMessagesAvatarImage.h */,
				88C4D12D1D73CC8A00796D25 /* JSQMessagesAvatarImage.m */,
				88C4D12E1D73CC8A00796D25 /* JSQMessagesBubbleImage.h */,
				88C4D12F1D73CC8A00796D25 /* JSQMessagesBubbleImage.m */,
				88C4D1301D73CC8A00796D25 /* JSQMessagesCollectionViewDataSource.h */,
				88C4D1311D73CC8A00796D25 /* JSQMessagesCollectionViewDelegateFlowLayout.h */,
				88C4D1321D73CC8A00796D25 /* JSQPhotoMediaItem.h */,
				88C4D1331D73CC8A00796D25 /* JSQPhotoMediaItem.m */,
				88C4D1341D73CC8A00796D25 /* JSQVideoMediaItem.h */,
				88C4D1351D73CC8A00796D25 /* JSQVideoMediaItem.m */,
			);
			path = Model;
			sourceTree = "<group>";
		};
		88C4D1361D73CC8A00796D25 /* Views */ = {
			isa = PBXGroup;
			children = (
				88C4D1371D73CC8A00796D25 /* JSQMessagesCellTextView.h */,
				88C4D1381D73CC8A00796D25 /* JSQMessagesCellTextView.m */,
				88C4D1391D73CC8A00796D25 /* JSQMessagesCollectionView.h */,
				88C4D13A1D73CC8A00796D25 /* JSQMessagesCollectionView.m */,
				88C4D13B1D73CC8A00796D25 /* JSQMessagesCollectionViewCell.h */,
				88C4D13C1D73CC8A00796D25 /* JSQMessagesCollectionViewCell.m */,
				88C4D13D1D73CC8A00796D25 /* JSQMessagesCollectionViewCellIncoming.h */,
				88C4D13E1D73CC8A00796D25 /* JSQMessagesCollectionViewCellIncoming.m */,
				88C4D13F1D73CC8A00796D25 /* JSQMessagesCollectionViewCellIncoming.xib */,
				88C4D1401D73CC8A00796D25 /* JSQMessagesCollectionViewCellOutgoing.h */,
				88C4D1411D73CC8A00796D25 /* JSQMessagesCollectionViewCellOutgoing.m */,
				88C4D1421D73CC8A00796D25 /* JSQMessagesCollectionViewCellOutgoing.xib */,
				88C4D1431D73CC8A00796D25 /* JSQMessagesComposerTextView.h */,
				88C4D1441D73CC8A00796D25 /* JSQMessagesComposerTextView.m */,
				88C4D1451D73CC8A00796D25 /* JSQMessagesInputToolbar.h */,
				88C4D1461D73CC8A00796D25 /* JSQMessagesInputToolbar.m */,
				88C4D1471D73CC8A00796D25 /* JSQMessagesLabel.h */,
				88C4D1481D73CC8A00796D25 /* JSQMessagesLabel.m */,
				88C4D1491D73CC8A00796D25 /* JSQMessagesLoadEarlierHeaderView.h */,
				88C4D14A1D73CC8A00796D25 /* JSQMessagesLoadEarlierHeaderView.m */,
				88C4D14B1D73CC8A00796D25 /* JSQMessagesLoadEarlierHeaderView.xib */,
				88C4D14C1D73CC8A00796D25 /* JSQMessagesMediaPlaceholderView.h */,
				88C4D14D1D73CC8A00796D25 /* JSQMessagesMediaPlaceholderView.m */,
				88C4D14E1D73CC8A00796D25 /* JSQMessagesToolbarContentView.h */,
				88C4D14F1D73CC8A00796D25 /* JSQMessagesToolbarContentView.m */,
				88C4D1501D73CC8A00796D25 /* JSQMessagesToolbarContentView.xib */,
				88C4D1511D73CC8A00796D25 /* JSQMessagesTypingIndicatorFooterView.h */,
				88C4D1521D73CC8A00796D25 /* JSQMessagesTypingIndicatorFooterView.m */,
				88C4D1531D73CC8A00796D25 /* JSQMessagesTypingIndicatorFooterView.xib */,
			);
			path = Views;
			sourceTree = "<group>";
		};
		88C4D1541D73CC8A00796D25 /* JSQSystemSoundPlayer */ = {
			isa = PBXGroup;
			children = (
				88C4D1551D73CC8A00796D25 /* JSQSystemSoundPlayer */,
			);
			path = JSQSystemSoundPlayer;
			sourceTree = "<group>";
		};
		88C4D1551D73CC8A00796D25 /* JSQSystemSoundPlayer */ = {
			isa = PBXGroup;
			children = (
				88C4D1561D73CC8A00796D25 /* Classes */,
			);
			path = JSQSystemSoundPlayer;
			sourceTree = "<group>";
		};
		88C4D1561D73CC8A00796D25 /* Classes */ = {
			isa = PBXGroup;
			children = (
				88C4D1571D73CC8A00796D25 /* JSQSystemSoundPlayer.h */,
				88C4D1581D73CC8A00796D25 /* JSQSystemSoundPlayer.m */,
			);
			path = Classes;
			sourceTree = "<group>";
		};
		88FBE71E1D2A668000556F43 /* PKShortVideoDemo */ = {
			isa = PBXGroup;
			children = (
				88FBE71F1D2A668000556F43 /* AppDelegate.h */,
				88FBE7201D2A668000556F43 /* AppDelegate.m */,
				88FBE7251D2A668000556F43 /* main.m */,
				88FBE7271D2A668000556F43 /* PKMessageViewController.h */,
				88FBE7281D2A668000556F43 /* PKMessageViewController.m */,
				9CCBDCBE1D98D2AB00BA9C4A /* PKMessageViewController2.h */,
				9CCBDCBF1D98D2AB00BA9C4A /* PKMessageViewController2.m */,
				88BFB0801D02E00200F223F3 /* PKDemoModelData.h */,
				88BFB0811D02E00200F223F3 /* PKDemoModelData.m */,
				88FBE7291D2A668000556F43 /* PKRootViewController.h */,
				88FBE72A1D2A668000556F43 /* PKRootViewController.m */,
				88FBE72B1D2A668000556F43 /* PKShortVideoItem.h */,
				88FBE72C1D2A668000556F43 /* PKShortVideoItem.m */,
				9CCBDCC11D98D37800BA9C4A /* PKShortVideoItem2.h */,
				9CCBDCC21D98D37800BA9C4A /* PKShortVideoItem2.m */,
				88BFB0831D103CC400F223F3 /* jsq_messages_sample.m4a */,
				9C7785C51DC740B400AE912E /* Info.plist */,
				88FBE7211D2A668000556F43 /* Assets.xcassets */,
				88FBE7221D2A668000556F43 /* LaunchScreen.storyboard */,
				88FBE7261D2A668000556F43 /* Main.storyboard */,
			);
			path = PKShortVideoDemo;
			sourceTree = "<group>";
		};
		88FBE72D1D2A668000556F43 /* Vendor */ = {
			isa = PBXGroup;
			children = (
				88C4D0EF1D73CC8A00796D25 /* JSQMessagesViewController */,
				88C4D1541D73CC8A00796D25 /* JSQSystemSoundPlayer */,
			);
			path = Vendor;
			sourceTree = "<group>";
		};
		AEC189A41C37F76600C11C2F /* Category */ = {
			isa = PBXGroup;
			children = (
				880526461CF2FC99005EC256 /* UIImage+PKShortVideoPlayer.h */,
				880526471CF2FC99005EC256 /* UIImage+PKShortVideoPlayer.m */,
			);
			name = Category;
			sourceTree = "<group>";
		};
		AEDD7D3A1C34329100977BD0 = {
			isa = PBXGroup;
			children = (
				AEDD7D451C34329100977BD0 /* PKShortVideo */,
				88FBE71E1D2A668000556F43 /* PKShortVideoDemo */,
				88FBE72D1D2A668000556F43 /* Vendor */,
				AEDD7D5F1C34329100977BD0 /* PKShortVideoTests */,
				AEDD7D6A1C34329100977BD0 /* PKShortVideoUITests */,
				AEDD7D441C34329100977BD0 /* Products */,
			);
			sourceTree = "<group>";
		};
		AEDD7D441C34329100977BD0 /* Products */ = {
			isa = PBXGroup;
			children = (
				AEDD7D431C34329100977BD0 /* PKShortVideo.app */,
				AEDD7D5C1C34329100977BD0 /* PKShortVideo.xctest */,
				AEDD7D671C34329100977BD0 /* PKShortVideo.xctest */,
			);
			name = Products;
			sourceTree = "<group>";
		};
		AEDD7D451C34329100977BD0 /* PKShortVideo */ = {
			isa = PBXGroup;
			children = (
				AEED9F031D85564B005CF78C /* PKShortVideo.h */,
				AEED9EF61D8545B8005CF78C /* GPUImage */,
				88BFB08C1D1C5A3700F223F3 /* PKAsset */,
				880525FF1CF2F94C005EC256 /* PKShortVideoPlayer */,
				8805261D1CF2F94C005EC256 /* PKShortVideoWriter */,
				AEC189A41C37F76600C11C2F /* Category */,
			);
			path = PKShortVideo;
			sourceTree = "<group>";
		};
		AEDD7D5F1C34329100977BD0 /* PKShortVideoTests */ = {
			isa = PBXGroup;
			children = (
				AEDD7D601C34329100977BD0 /* PKShortVideoTests.m */,
				AEDD7D621C34329100977BD0 /* Info.plist */,
			);
			name = PKShortVideoTests;
			path = PKShortVideoPlayerTests;
			sourceTree = "<group>";
		};
		AEDD7D6A1C34329100977BD0 /* PKShortVideoUITests */ = {
			isa = PBXGroup;
			children = (
				AEDD7D6B1C34329100977BD0 /* PKShortVideoUITests.m */,
				AEDD7D6D1C34329100977BD0 /* Info.plist */,
			);
			name = PKShortVideoUITests;
			path = PKShortVideoPlayerUITests;
			sourceTree = "<group>";
		};
		AEED9EF61D8545B8005CF78C /* GPUImage */ = {
			isa = PBXGroup;
			children = (
				AEED9EF71D8545FC005CF78C /* GLProgram.h */,
				AEED9EF81D8545FC005CF78C /* GLProgram.m */,
				AEED9EF91D8545FC005CF78C /* GPUImageContext.h */,
				AEED9EFA1D8545FC005CF78C /* GPUImageContext.m */,
				AEED9EFB1D8545FC005CF78C /* GPUImageFramebuffer.h */,
				AEED9EFC1D8545FC005CF78C /* GPUImageFramebuffer.m */,
				AEED9EFD1D8545FC005CF78C /* GPUImageFramebufferCache.h */,
				AEED9EFE1D8545FC005CF78C /* GPUImageFramebufferCache.m */,
			);
			name = GPUImage;
			sourceTree = "<group>";
		};
/* End PBXGroup section */

/* Begin PBXNativeTarget section */
		AEDD7D421C34329100977BD0 /* PKShortVideo */ = {
			isa = PBXNativeTarget;
			buildConfigurationList = AEDD7D701C34329100977BD0 /* Build configuration list for PBXNativeTarget "PKShortVideo" */;
			buildPhases = (
				AEDD7D3F1C34329100977BD0 /* Sources */,
				AEDD7D401C34329100977BD0 /* Frameworks */,
				AEDD7D411C34329100977BD0 /* Resources */,
			);
			buildRules = (
			);
			dependencies = (
			);
			name = PKShortVideo;
			productName = PKShortVideoPlayer;
			productReference = AEDD7D431C34329100977BD0 /* PKShortVideo.app */;
			productType = "com.apple.product-type.application";
		};
		AEDD7D5B1C34329100977BD0 /* PKShortVideoTests */ = {
			isa = PBXNativeTarget;
			buildConfigurationList = AEDD7D731C34329100977BD0 /* Build configuration list for PBXNativeTarget "PKShortVideoTests" */;
			buildPhases = (
				AEDD7D581C34329100977BD0 /* Sources */,
				AEDD7D591C34329100977BD0 /* Frameworks */,
				AEDD7D5A1C34329100977BD0 /* Resources */,
			);
			buildRules = (
			);
			dependencies = (
				AEDD7D5E1C34329100977BD0 /* PBXTargetDependency */,
			);
			name = PKShortVideoTests;
			productName = PKShortVideoPlayerTests;
			productReference = AEDD7D5C1C34329100977BD0 /* PKShortVideo.xctest */;
			productType = "com.apple.product-type.bundle.unit-test";
		};
		AEDD7D661C34329100977BD0 /* PKShortVideoUITests */ = {
			isa = PBXNativeTarget;
			buildConfigurationList = AEDD7D761C34329100977BD0 /* Build configuration list for PBXNativeTarget "PKShortVideoUITests" */;
			buildPhases = (
				AEDD7D631C34329100977BD0 /* Sources */,
				AEDD7D641C34329100977BD0 /* Frameworks */,
				AEDD7D651C34329100977BD0 /* Resources */,
			);
			buildRules = (
			);
			dependencies = (
				AEDD7D691C34329100977BD0 /* PBXTargetDependency */,
			);
			name = PKShortVideoUITests;
			productName = PKShortVideoPlayerUITests;
			productReference = AEDD7D671C34329100977BD0 /* PKShortVideo.xctest */;
			productType = "com.apple.product-type.bundle.ui-testing";
		};
/* End PBXNativeTarget section */

/* Begin PBXProject section */
		AEDD7D3B1C34329100977BD0 /* Project object */ = {
			isa = PBXProject;
			attributes = {
				LastUpgradeCheck = 0720;
				ORGANIZATIONNAME = pepsikirk;
				TargetAttributes = {
					AEDD7D421C34329100977BD0 = {
						CreatedOnToolsVersion = 7.2;
						DevelopmentTeam = E8AE63JXQ3;
					};
					AEDD7D5B1C34329100977BD0 = {
						CreatedOnToolsVersion = 7.2;
						TestTargetID = AEDD7D421C34329100977BD0;
					};
					AEDD7D661C34329100977BD0 = {
						CreatedOnToolsVersion = 7.2;
						TestTargetID = AEDD7D421C34329100977BD0;
					};
				};
			};
			buildConfigurationList = AEDD7D3E1C34329100977BD0 /* Build configuration list for PBXProject "PKShortVideo" */;
			compatibilityVersion = "Xcode 3.2";
			developmentRegion = English;
			hasScannedForEncodings = 0;
			knownRegions = (
				en,
				Base,
			);
			mainGroup = AEDD7D3A1C34329100977BD0;
			productRefGroup = AEDD7D441C34329100977BD0 /* Products */;
			projectDirPath = "";
			projectRoot = "";
			targets = (
				AEDD7D421C34329100977BD0 /* PKShortVideo */,
				AEDD7D5B1C34329100977BD0 /* PKShortVideoTests */,
				AEDD7D661C34329100977BD0 /* PKShortVideoUITests */,
			);
		};
/* End PBXProject section */

/* Begin PBXResourcesBuildPhase section */
		AEDD7D411C34329100977BD0 /* Resources */ = {
			isa = PBXResourcesBuildPhase;
			buildActionMask = 2147483647;
			files = (
				88FBE7931D2A668000556F43 /* Assets.xcassets in Resources */,
				88C4D1881D73CC8A00796D25 /* JSQMessagesTypingIndicatorFooterView.xib in Resources */,
				88C4D15B1D73CC8A00796D25 /* JSQMessagesAssets.bundle in Resources */,
				88C4D1651D73CC8A00796D25 /* JSQMessagesViewController.xib in Resources */,
				88BFB0901D1C5A3700F223F3 /* PK_Play@2x.png in Resources */,
				88FBE7941D2A668000556F43 /* LaunchScreen.storyboard in Resources */,
				88BFB0841D103D5100F223F3 /* jsq_messages_sample.m4a in Resources */,
				AE4066DC1D30E0C4002273A8 /* PK_Camera_Turn@2x.png in Resources */,
				9C7785C61DC740B400AE912E /* Info.plist in Resources */,
				88C4D17E1D73CC8A00796D25 /* JSQMessagesCollectionViewCellOutgoing.xib in Resources */,
				88C4D17C1D73CC8A00796D25 /* JSQMessagesCollectionViewCellIncoming.xib in Resources */,
				88BFB08F1D1C5A3700F223F3 /* PK_Delete@2x.png in Resources */,
				88FBE7971D2A668000556F43 /* Main.storyboard in Resources */,
				88C4D1861D73CC8A00796D25 /* JSQMessagesToolbarContentView.xib in Resources */,
				88C4D1831D73CC8A00796D25 /* JSQMessagesLoadEarlierHeaderView.xib in Resources */,
			);
			runOnlyForDeploymentPostprocessing = 0;
		};
		AEDD7D5A1C34329100977BD0 /* Resources */ = {
			isa = PBXResourcesBuildPhase;
			buildActionMask = 2147483647;
			files = (
			);
			runOnlyForDeploymentPostprocessing = 0;
		};
		AEDD7D651C34329100977BD0 /* Resources */ = {
			isa = PBXResourcesBuildPhase;
			buildActionMask = 2147483647;
			files = (
			);
			runOnlyForDeploymentPostprocessing = 0;
		};
/* End PBXResourcesBuildPhase section */

/* Begin PBXSourcesBuildPhase section */
		AEDD7D3F1C34329100977BD0 /* Sources */ = {
			isa = PBXSourcesBuildPhase;
			buildActionMask = 2147483647;
			files = (
				8805263B1CF2F94C005EC256 /* PKShortVideoProgressBar.m in Sources */,
				AE52D2601D856F1300D9B86B /* PKColorConversion.m in Sources */,
				88C4D17A1D73CC8A00796D25 /* JSQMessagesCollectionViewCell.m in Sources */,
				88C4D17F1D73CC8A00796D25 /* JSQMessagesComposerTextView.m in Sources */,
				88C4D1721D73CC8A00796D25 /* JSQMediaItem.m in Sources */,
				9CCBDCC01D98D2AB00BA9C4A /* PKMessageViewController2.m in Sources */,
				88FBE7921D2A668000556F43 /* AppDelegate.m in Sources */,
				9CCBDCC31D98D37800BA9C4A /* PKShortVideoItem2.m in Sources */,
				88BFB0821D02E00200F223F3 /* PKDemoModelData.m in Sources */,
				AE52D2611D856F1300D9B86B /* PKVideoDecoder.m in Sources */,
				88C4D1821D73CC8A00796D25 /* JSQMessagesLoadEarlierHeaderView.m in Sources */,
				88C4D1841D73CC8A00796D25 /* JSQMessagesMediaPlaceholderView.m in Sources */,
				88C4D1731D73CC8A00796D25 /* JSQMessage.m in Sources */,
				88C4D1851D73CC8A00796D25 /* JSQMessagesToolbarContentView.m in Sources */,
				88C4D1791D73CC8A00796D25 /* JSQMessagesCollectionView.m in Sources */,
				88C4D1671D73CC8A00796D25 /* JSQMessagesBubbleImageFactory.m in Sources */,
				880526481CF2FC99005EC256 /* UIImage+PKShortVideoPlayer.m in Sources */,
				88C4D15C1D73CC8A00796D25 /* JSQSystemSoundPlayer+JSQMessages.m in Sources */,
				88C4D1691D73CC8A00796D25 /* JSQMessagesTimestampFormatter.m in Sources */,
				8805263D1CF2F94C005EC256 /* PKShortVideoSession.m in Sources */,
				88C4D1621D73CC8A00796D25 /* UIView+JSQMessages.m in Sources */,
				88C4D1631D73CC8A00796D25 /* JSQMessagesKeyboardController.m in Sources */,
				88C4D16B1D73CC8A00796D25 /* JSQAudioMediaViewAttributes.m in Sources */,
				88C4D16D1D73CC8A00796D25 /* JSQMessagesCollectionViewFlowLayout.m in Sources */,
				88FBE7961D2A668000556F43 /* main.m in Sources */,
				8805263C1CF2F94C005EC256 /* PKShortVideoRecorder.m in Sources */,
				88C4D1871D73CC8A00796D25 /* JSQMessagesTypingIndicatorFooterView.m in Sources */,
				88C4D15E1D73CC8A00796D25 /* NSString+JSQMessages.m in Sources */,
				88C4D1811D73CC8A00796D25 /* JSQMessagesLabel.m in Sources */,
				88FBE7991D2A668000556F43 /* PKRootViewController.m in Sources */,
				88C4D1611D73CC8A00796D25 /* UIImage+JSQMessages.m in Sources */,
				88C4D1891D73CC8A00796D25 /* JSQSystemSoundPlayer.m in Sources */,
				AEED9EFF1D8545FC005CF78C /* GLProgram.m in Sources */,
				88C4D16C1D73CC8A00796D25 /* JSQMessagesBubblesSizeCalculator.m in Sources */,
				88C4D1701D73CC8A00796D25 /* JSQAudioMediaItem.m in Sources */,
				9C6454451D98F43C0021FADE /* PKPlayerView.m in Sources */,
				88C4D1661D73CC8A00796D25 /* JSQMessagesAvatarImageFactory.m in Sources */,
				88C4D1761D73CC8A00796D25 /* JSQPhotoMediaItem.m in Sources */,
				AE4066DA1D30E046002273A8 /* PKFullScreenPlayerViewController.m in Sources */,
				88C4D15D1D73CC8A00796D25 /* NSBundle+JSQMessages.m in Sources */,
				88C4D1681D73CC8A00796D25 /* JSQMessagesMediaViewBubbleImageMasker.m in Sources */,
				8805263E1CF2F94C005EC256 /* PKRecordShortVideoViewController.m in Sources */,
				AEED9F001D8545FC005CF78C /* GPUImageContext.m in Sources */,
				AEED9F021D8545FC005CF78C /* GPUImageFramebufferCache.m in Sources */,
				88C4D1601D73CC8A00796D25 /* UIDevice+JSQMessages.m in Sources */,
				AE52D25F1D856F1300D9B86B /* PKChatMessagePlayerView.m in Sources */,
				88C4D1801D73CC8A00796D25 /* JSQMessagesInputToolbar.m in Sources */,
				9C6454481D98F49D0021FADE /* PKPlayerManager.m in Sources */,
				88C4D16A1D73CC8A00796D25 /* JSQMessagesToolbarButtonFactory.m in Sources */,
				88C4D16E1D73CC8A00796D25 /* JSQMessagesCollectionViewFlowLayoutInvalidationContext.m in Sources */,
				88C4D1711D73CC8A00796D25 /* JSQLocationMediaItem.m in Sources */,
				88C4D16F1D73CC8A00796D25 /* JSQMessagesCollectionViewLayoutAttributes.m in Sources */,
				88FBE79A1D2A668000556F43 /* PKShortVideoItem.m in Sources */,
				88C4D1751D73CC8A00796D25 /* JSQMessagesBubbleImage.m in Sources */,
				88C4D1641D73CC8A00796D25 /* JSQMessagesViewController.m in Sources */,
				AEED9F011D8545FC005CF78C /* GPUImageFramebuffer.m in Sources */,
				88C4D17B1D73CC8A00796D25 /* JSQMessagesCollectionViewCellIncoming.m in Sources */,
				88C4D1781D73CC8A00796D25 /* JSQMessagesCellTextView.m in Sources */,
				88C4D1771D73CC8A00796D25 /* JSQVideoMediaItem.m in Sources */,
				88FBE7981D2A668000556F43 /* PKMessageViewController.m in Sources */,
				88C4D15F1D73CC8A00796D25 /* UIColor+JSQMessages.m in Sources */,
				AE4066D91D30E046002273A8 /* PKFullScreenPlayerView.m in Sources */,
				88C4D1741D73CC8A00796D25 /* JSQMessagesAvatarImage.m in Sources */,
				88C4D17D1D73CC8A00796D25 /* JSQMessagesCollectionViewCellOutgoing.m in Sources */,
			);
			runOnlyForDeploymentPostprocessing = 0;
		};
		AEDD7D581C34329100977BD0 /* Sources */ = {
			isa = PBXSourcesBuildPhase;
			buildActionMask = 2147483647;
			files = (
				AEDD7D611C34329100977BD0 /* PKShortVideoTests.m in Sources */,
			);
			runOnlyForDeploymentPostprocessing = 0;
		};
		AEDD7D631C34329100977BD0 /* Sources */ = {
			isa = PBXSourcesBuildPhase;
			buildActionMask = 2147483647;
			files = (
				AEDD7D6C1C34329100977BD0 /* PKShortVideoUITests.m in Sources */,
			);
			runOnlyForDeploymentPostprocessing = 0;
		};
/* End PBXSourcesBuildPhase section */

/* Begin PBXTargetDependency section */
		AEDD7D5E1C34329100977BD0 /* PBXTargetDependency */ = {
			isa = PBXTargetDependency;
			target = AEDD7D421C34329100977BD0 /* PKShortVideo */;
			targetProxy = AEDD7D5D1C34329100977BD0 /* PBXContainerItemProxy */;
		};
		AEDD7D691C34329100977BD0 /* PBXTargetDependency */ = {
			isa = PBXTargetDependency;
			target = AEDD7D421C34329100977BD0 /* PKShortVideo */;
			targetProxy = AEDD7D681C34329100977BD0 /* PBXContainerItemProxy */;
		};
/* End PBXTargetDependency section */

/* Begin PBXVariantGroup section */
		88FBE7221D2A668000556F43 /* LaunchScreen.storyboard */ = {
			isa = PBXVariantGroup;
			children = (
				88FBE7231D2A668000556F43 /* Base */,
			);
			name = LaunchScreen.storyboard;
			sourceTree = "<group>";
		};
/* End PBXVariantGroup section */

/* Begin XCBuildConfiguration section */
		AEDD7D6E1C34329100977BD0 /* Debug */ = {
			isa = XCBuildConfiguration;
			buildSettings = {
				ALWAYS_SEARCH_USER_PATHS = NO;
				CLANG_CXX_LANGUAGE_STANDARD = "gnu++0x";
				CLANG_CXX_LIBRARY = "libc++";
				CLANG_ENABLE_MODULES = YES;
				CLANG_ENABLE_OBJC_ARC = YES;
				CLANG_WARN_BOOL_CONVERSION = YES;
				CLANG_WARN_CONSTANT_CONVERSION = YES;
				CLANG_WARN_DIRECT_OBJC_ISA_USAGE = YES_ERROR;
				CLANG_WARN_EMPTY_BODY = YES;
				CLANG_WARN_ENUM_CONVERSION = YES;
				CLANG_WARN_INT_CONVERSION = YES;
				CLANG_WARN_OBJC_ROOT_CLASS = YES_ERROR;
				CLANG_WARN_UNREACHABLE_CODE = YES;
				CLANG_WARN__DUPLICATE_METHOD_MATCH = YES;
				"CODE_SIGN_IDENTITY[sdk=iphoneos*]" = "iPhone Developer";
				COPY_PHASE_STRIP = NO;
				DEBUG_INFORMATION_FORMAT = dwarf;
				ENABLE_STRICT_OBJC_MSGSEND = YES;
				ENABLE_TESTABILITY = YES;
				GCC_C_LANGUAGE_STANDARD = gnu99;
				GCC_DYNAMIC_NO_PIC = NO;
				GCC_NO_COMMON_BLOCKS = YES;
				GCC_OPTIMIZATION_LEVEL = 0;
				GCC_PREPROCESSOR_DEFINITIONS = (
					"DEBUG=1",
					"$(inherited)",
				);
				GCC_WARN_64_TO_32_BIT_CONVERSION = YES;
				GCC_WARN_ABOUT_RETURN_TYPE = YES_ERROR;
				GCC_WARN_UNDECLARED_SELECTOR = YES;
				GCC_WARN_UNINITIALIZED_AUTOS = YES_AGGRESSIVE;
				GCC_WARN_UNUSED_FUNCTION = YES;
				GCC_WARN_UNUSED_VARIABLE = YES;
				IPHONEOS_DEPLOYMENT_TARGET = 7.0;
				MTL_ENABLE_DEBUG_INFO = YES;
				ONLY_ACTIVE_ARCH = YES;
				SDKROOT = iphoneos;
			};
			name = Debug;
		};
		AEDD7D6F1C34329100977BD0 /* Release */ = {
			isa = XCBuildConfiguration;
			buildSettings = {
				ALWAYS_SEARCH_USER_PATHS = NO;
				CLANG_CXX_LANGUAGE_STANDARD = "gnu++0x";
				CLANG_CXX_LIBRARY = "libc++";
				CLANG_ENABLE_MODULES = YES;
				CLANG_ENABLE_OBJC_ARC = YES;
				CLANG_WARN_BOOL_CONVERSION = YES;
				CLANG_WARN_CONSTANT_CONVERSION = YES;
				CLANG_WARN_DIRECT_OBJC_ISA_USAGE = YES_ERROR;
				CLANG_WARN_EMPTY_BODY = YES;
				CLANG_WARN_ENUM_CONVERSION = YES;
				CLANG_WARN_INT_CONVERSION = YES;
				CLANG_WARN_OBJC_ROOT_CLASS = YES_ERROR;
				CLANG_WARN_UNREACHABLE_CODE = YES;
				CLANG_WARN__DUPLICATE_METHOD_MATCH = YES;
				"CODE_SIGN_IDENTITY[sdk=iphoneos*]" = "iPhone Developer";
				COPY_PHASE_STRIP = NO;
				DEBUG_INFORMATION_FORMAT = "dwarf-with-dsym";
				ENABLE_NS_ASSERTIONS = NO;
				ENABLE_STRICT_OBJC_MSGSEND = YES;
				GCC_C_LANGUAGE_STANDARD = gnu99;
				GCC_NO_COMMON_BLOCKS = YES;
				GCC_WARN_64_TO_32_BIT_CONVERSION = YES;
				GCC_WARN_ABOUT_RETURN_TYPE = YES_ERROR;
				GCC_WARN_UNDECLARED_SELECTOR = YES;
				GCC_WARN_UNINITIALIZED_AUTOS = YES_AGGRESSIVE;
				GCC_WARN_UNUSED_FUNCTION = YES;
				GCC_WARN_UNUSED_VARIABLE = YES;
				IPHONEOS_DEPLOYMENT_TARGET = 7.0;
				MTL_ENABLE_DEBUG_INFO = NO;
				SDKROOT = iphoneos;
				VALIDATE_PRODUCT = YES;
			};
			name = Release;
		};
		AEDD7D711C34329100977BD0 /* Debug */ = {
			isa = XCBuildConfiguration;
			buildSettings = {
				ASSETCATALOG_COMPILER_APPICON_NAME = AppIcon;
				CODE_SIGN_IDENTITY = "iPhone Developer";
				"CODE_SIGN_IDENTITY[sdk=iphoneos*]" = "iPhone Developer";
				DEVELOPMENT_TEAM = E8AE63JXQ3;
				INFOPLIST_FILE = "$(SRCROOT)/PKShortVideoDemo/Info.plist";
				LD_RUNPATH_SEARCH_PATHS = "$(inherited) @executable_path/Frameworks";
				PRODUCT_BUNDLE_IDENTIFIER = com.pepsikirk.PKShortVideo;
				PRODUCT_NAME = PKShortVideo;
				PROVISIONING_PROFILE = "";
			};
			name = Debug;
		};
		AEDD7D721C34329100977BD0 /* Release */ = {
			isa = XCBuildConfiguration;
			buildSettings = {
				ASSETCATALOG_COMPILER_APPICON_NAME = AppIcon;
				CODE_SIGN_IDENTITY = "iPhone Developer";
				"CODE_SIGN_IDENTITY[sdk=iphoneos*]" = "iPhone Developer";
				DEVELOPMENT_TEAM = E8AE63JXQ3;
				INFOPLIST_FILE = "$(SRCROOT)/PKShortVideoDemo/Info.plist";
				LD_RUNPATH_SEARCH_PATHS = "$(inherited) @executable_path/Frameworks";
				PRODUCT_BUNDLE_IDENTIFIER = com.pepsikirk.PKShortVideo;
				PRODUCT_NAME = PKShortVideo;
				PROVISIONING_PROFILE = "";
			};
			name = Release;
		};
		AEDD7D741C34329100977BD0 /* Debug */ = {
			isa = XCBuildConfiguration;
			buildSettings = {
				BUNDLE_LOADER = "$(TEST_HOST)";
				INFOPLIST_FILE = PKShortVideoTests/Info.plist;
				LD_RUNPATH_SEARCH_PATHS = "$(inherited) @executable_path/Frameworks @loader_path/Frameworks";
				PRODUCT_BUNDLE_IDENTIFIER = com.pepsikirk.PKShortVideoPlayerTests;
				PRODUCT_NAME = PKShortVideo;
				TEST_HOST = "$(BUILT_PRODUCTS_DIR)/PKShortVideo.app/PKShortVideo";
			};
			name = Debug;
		};
		AEDD7D751C34329100977BD0 /* Release */ = {
			isa = XCBuildConfiguration;
			buildSettings = {
				BUNDLE_LOADER = "$(TEST_HOST)";
				INFOPLIST_FILE = PKShortVideoTests/Info.plist;
				LD_RUNPATH_SEARCH_PATHS = "$(inherited) @executable_path/Frameworks @loader_path/Frameworks";
				PRODUCT_BUNDLE_IDENTIFIER = com.pepsikirk.PKShortVideoPlayerTests;
				PRODUCT_NAME = PKShortVideo;
				TEST_HOST = "$(BUILT_PRODUCTS_DIR)/PKShortVideo.app/PKShortVideo";
			};
			name = Release;
		};
		AEDD7D771C34329100977BD0 /* Debug */ = {
			isa = XCBuildConfiguration;
			buildSettings = {
				INFOPLIST_FILE = PKShortVideoUITests/Info.plist;
				LD_RUNPATH_SEARCH_PATHS = "$(inherited) @executable_path/Frameworks @loader_path/Frameworks";
				PRODUCT_BUNDLE_IDENTIFIER = com.pepsikirk.PKShortVideoPlayerUITests;
				PRODUCT_NAME = PKShortVideo;
				TEST_TARGET_NAME = PKShortVideoPlayer;
				USES_XCTRUNNER = YES;
			};
			name = Debug;
		};
		AEDD7D781C34329100977BD0 /* Release */ = {
			isa = XCBuildConfiguration;
			buildSettings = {
				INFOPLIST_FILE = PKShortVideoUITests/Info.plist;
				LD_RUNPATH_SEARCH_PATHS = "$(inherited) @executable_path/Frameworks @loader_path/Frameworks";
				PRODUCT_BUNDLE_IDENTIFIER = com.pepsikirk.PKShortVideoPlayerUITests;
				PRODUCT_NAME = PKShortVideo;
				TEST_TARGET_NAME = PKShortVideoPlayer;
				USES_XCTRUNNER = YES;
			};
			name = Release;
		};
/* End XCBuildConfiguration section */

/* Begin XCConfigurationList section */
		AEDD7D3E1C34329100977BD0 /* Build configuration list for PBXProject "PKShortVideo" */ = {
			isa = XCConfigurationList;
			buildConfigurations = (
				AEDD7D6E1C34329100977BD0 /* Debug */,
				AEDD7D6F1C34329100977BD0 /* Release */,
			);
			defaultConfigurationIsVisible = 0;
			defaultConfigurationName = Release;
		};
		AEDD7D701C34329100977BD0 /* Build configuration list for PBXNativeTarget "PKShortVideo" */ = {
			isa = XCConfigurationList;
			buildConfigurations = (
				AEDD7D711C34329100977BD0 /* Debug */,
				AEDD7D721C34329100977BD0 /* Release */,
			);
			defaultConfigurationIsVisible = 0;
			defaultConfigurationName = Release;
		};
		AEDD7D731C34329100977BD0 /* Build configuration list for PBXNativeTarget "PKShortVideoTests" */ = {
			isa = XCConfigurationList;
			buildConfigurations = (
				AEDD7D741C34329100977BD0 /* Debug */,
				AEDD7D751C34329100977BD0 /* Release */,
			);
			defaultConfigurationIsVisible = 0;
			defaultConfigurationName = Release;
		};
		AEDD7D761C34329100977BD0 /* Build configuration list for PBXNativeTarget "PKShortVideoUITests" */ = {
			isa = XCConfigurationList;
			buildConfigurations = (
				AEDD7D771C34329100977BD0 /* Debug */,
				AEDD7D781C34329100977BD0 /* Release */,
			);
			defaultConfigurationIsVisible = 0;
			defaultConfigurationName = Release;
		};
/* End XCConfigurationList section */
	};
	rootObject = AEDD7D3B1C34329100977BD0 /* Project object */;
}
